# 行号引用锁文件 —— 由 tests/tools/check_doc_lines.py --update 生成。
# 不要手改：这个文件的作用是让「源码被引用处改了字」必须被人重新确认一次。
# 格式：<文件>:<起>-<止> <sha1_16(区间内容, 逐行去尾空白)>
src/expand/uvcpp_memory_pool.cpp:256-273 f515fb3e4707d626
src/expand/uvcpp_memory_pool.cpp:275-292 b59d73701badb183
src/expand/uvcpp_memory_pool.cpp:361-361 24b885117f83459e
src/expand/uvcpp_memory_pool.cpp:400-400 3a14055a5b6b44a3
src/expand/uvcpp_memory_pool.cpp:614-616 17b3b25421ed1e7d
src/expand/uvcpp_memory_pool.h:103-152 1a750838dbe12bf8
src/expand/uvcpp_memory_pool.h:1047-1068 5f1c9e75d18336b9
src/expand/uvcpp_memory_pool.h:1070-1074 f2e913808b5552d8
src/expand/uvcpp_memory_pool.h:1079-1080 10be066c216c1332
src/expand/uvcpp_memory_pool.h:1087-1090 97c718eb59d1346e
src/expand/uvcpp_memory_pool.h:1092-1092 9c9250f7c2687e72
src/expand/uvcpp_memory_pool.h:1104-1142 c4f09fd32609b839
src/expand/uvcpp_memory_pool.h:165-184 29e927ecbbde288a
src/expand/uvcpp_memory_pool.h:184-184 c79abea44e6d3213
src/expand/uvcpp_memory_pool.h:186-200 953edc8d2db7a651
src/expand/uvcpp_memory_pool.h:229-253 dd21e13b72e076ea
src/expand/uvcpp_memory_pool.h:290-317 68ac2a38437ce9cf
src/expand/uvcpp_memory_pool.h:312-316 6ab4964c78945107
src/expand/uvcpp_memory_pool.h:348-350 72c0520e9c4b8b37
src/expand/uvcpp_memory_pool.h:426-426 cf63b6d1c1de5c5f
src/expand/uvcpp_memory_pool.h:449-452 71a56486c663baf4
src/expand/uvcpp_memory_pool.h:490-496 7f03083bb7c23e73
src/expand/uvcpp_memory_pool.h:503-503 7dfb84d831bc8722
src/expand/uvcpp_memory_pool.h:507-507 c49d29ade19afa4c
src/expand/uvcpp_memory_pool.h:517-518 39c69a93ad5ae755
src/expand/uvcpp_memory_pool.h:565-566 6f26490b6b546d81
src/expand/uvcpp_memory_pool.h:692-698 91b55770d5640fc0
src/expand/uvcpp_memory_pool.h:702-707 e83f9c4da7628f13
src/expand/uvcpp_memory_pool.h:79-79 8c9b66cf195c5a0e
src/expand/uvcpp_memory_pool.h:809-809 4395ff6ac8072561
src/expand/uvcpp_memory_pool.h:836-838 58d186e6d5f5be3c
src/expand/uvcpp_memory_pool.h:883-885 3d549fe9e1c42317
src/expand/uvcpp_memory_pool.h:893-896 5c7daf8eac45f67f
src/expand/uvcpp_memory_pool.h:900-913 d9a486e9428cbe24
src/expand/uvcpp_memory_pool.h:971-975 427396ac14a4369c
src/expand/uvcpp_memory_pool.h:972-974 851e0344a508f26d
src/expand/uvcpp_memory_pool.h:997-1003 d11630267101e53a
src/expand/uvcpp_memory_pool_span.cpp:145-148 394690683ac59c90
src/expand/uvcpp_memory_pool_span.h:3-3 7550570581439d7f
src/expand/uvcpp_memory_pool_span.h:59-59 507df9e2e6ffe099
src/expand/uvcpp_page_allocator.h:27-27 ba76c0ca0b3fd168
src/expand/uvcpp_page_heap.cpp:1276-1279 153c735b61dd0bb6
src/expand/uvcpp_page_heap.cpp:1281-1285 304ac7a4c1d7b8fb
src/expand/uvcpp_page_heap.cpp:277-277 e266bf187351d458
src/expand/uvcpp_page_heap.h:162-162 0acc2856f679cfd0
src/expand/uvcpp_page_heap.h:209-211 b7599a3e3e276e84
src/expand/uvcpp_page_heap.h:209-212 431205d8fee0910e
src/expand/uvcpp_page_heap.h:226-233 aa99cc7376bfb78c
src/expand/uvcpp_page_heap.h:226-255 58f0b7fff76e1460
src/expand/uvcpp_page_heap.h:235-241 36db19095b05d83f
src/expand/uvcpp_page_heap.h:248-255 0a707f1b65a01d0f
src/expand/uvcpp_page_heap.h:257-265 f6e3fbb6a3c0bf92
src/expand/uvcpp_page_heap.h:336-336 854a071c55271a6b
src/expand/uvcpp_page_heap.h:342-342 b7b76037313ad1d8
src/expand/uvcpp_page_heap.h:8-8 c84dea8500a8d839
src/handle/uvcpp_async.h:34-34 4b62ab71221a5f81
src/handle/uvcpp_check.cpp:37-37 d2c4ee95232aff93
src/handle/uvcpp_handle.cpp:149-154 0b02ebada76f7196
src/handle/uvcpp_handle.cpp:193-225 c65dd94d695d94b9
src/handle/uvcpp_handle.h:106-106 25ab8aeceb0acedc
src/handle/uvcpp_handle.h:86-86 7d4afc5decc53bde
src/handle/uvcpp_idle.cpp:30-30 ceccdc170a8de697
src/handle/uvcpp_idle.cpp:38-43 fee81892da635e1f
src/handle/uvcpp_loop.cpp:136-140 20833b952a26ad9b
src/handle/uvcpp_loop.cpp:159-164 04fbc621173d9946
src/handle/uvcpp_loop.cpp:26-26 5a968462ecbd0233
src/handle/uvcpp_loop.cpp:57-63 a66d3db676ce55c1
src/handle/uvcpp_loop.cpp:59-60 01c1a42b4b23b655
src/handle/uvcpp_loop.h:20-20 ddd0ce215bed4fcc
src/handle/uvcpp_loop.h:40-50 83e3066dd1334aaa
src/handle/uvcpp_loop.h:61-67 64ba44162468da80
src/handle/uvcpp_stream.h:63-63 6e861a487163e855
src/handle/uvcpp_timer.cpp:17-21 68b0eb919af513eb
src/handle/uvcpp_timer.cpp:36-36 7330a3590c3c9797
src/http2/uvcpp_h2_common.h:140-147 f9e1e6498c94bdc0
src/http2/uvcpp_h2_common.h:19-19 24a0ea5ff3bfa408
src/http2/uvcpp_h2_common.h:32-32 e211216d7a3fe3fd
src/http2/uvcpp_h2_common.h:40-40 3a585113c0d5df67
src/http2/uvcpp_h2_common.h:51-51 8c65900c6c823ac1
src/http2/uvcpp_h2_common.h:53-53 97d70360df9ddcc8
src/http2/uvcpp_h2_common.h:93-93 07ef9f0a7fa87352
src/http2/uvcpp_h2_common.h:95-95 05c8f3373c77645c
src/http2/uvcpp_h2_connection.cpp:110-121 e92e5fa6cca68614
src/http2/uvcpp_h2_connection.cpp:176-176 03f012ead975d4f8
src/http2/uvcpp_h2_connection.cpp:18-18 f8438f07c67149dc
src/http2/uvcpp_h2_connection.cpp:332-332 45156c0d70e631d2
src/http2/uvcpp_h2_connection.cpp:49-49 272ecb7661217018
src/http2/uvcpp_h2_connection.cpp:68-68 5c485414780002dc
src/http2/uvcpp_h2_connection.h:104-104 b4f139709b297255
src/http2/uvcpp_h2_connection.h:104-108 2edc8d113a3bad32
src/http2/uvcpp_h2_connection.h:117-117 09d78433e2a134da
src/http2/uvcpp_h2_connection.h:120-120 8e316629a3defbc3
src/http2/uvcpp_h2_connection.h:123-123 abd17862eef98ff0
src/http2/uvcpp_h2_connection.h:125-137 df26cdaf2451de4d
src/http2/uvcpp_h2_connection.h:156-156 d09f4b4b176afd28
src/http2/uvcpp_h2_connection.h:27-27 24a0ea5ff3bfa408
src/http2/uvcpp_h2_connection.h:34-34 3e409f60925aba65
src/http2/uvcpp_h2_connection.h:46-46 fe2f6bada61f4694
src/http2/uvcpp_h2_connection.h:46-51 8f9994fa062022f0
src/http2/uvcpp_h2_connection.h:54-54 d09f4b4b176afd28
src/http2/uvcpp_h2_connection.h:58-58 ae8b03418f41a26f
src/http2/uvcpp_h2_connection.h:70-70 d6e15e85dd93eaf0
src/http2/uvcpp_h2_connection.h:74-74 ba98e21b46a7f3c3
src/http2/uvcpp_h2_connection.h:78-78 b12921bddf0f0c9f
src/http2/uvcpp_h2_connection.h:82-82 b98fb419567a4d6b
src/http2/uvcpp_h2_connection.h:87-87 ba563d2f5113b9a9
src/http2/uvcpp_h2_connection.h:96-96 1916a9d1224fd49e
src/http2/uvcpp_h2_connection.h:99-102 88b4d0fd05f25d40
src/http2/uvcpp_h2_session.cpp:1226-1226 c2b7df6201fdd336
src/http2/uvcpp_h2_session.cpp:165-165 18f9128271eb71ab
src/http2/uvcpp_h2_session.cpp:182-182 ee8859e452fea4f4
src/http2/uvcpp_h2_session.cpp:300-300 e4ce298e0aeea921
src/http2/uvcpp_h2_session.cpp:311-311 fd323593648c795b
src/http2/uvcpp_h2_session.cpp:386-386 8d63de33c397d0f4
src/http2/uvcpp_h2_session.cpp:416-416 63cfd3e7d0ad3ae5
src/http2/uvcpp_h2_session.cpp:431-431 b25731b531c240a7
src/http2/uvcpp_h2_session.cpp:434-434 803916df6e3cc784
src/http2/uvcpp_h2_session.cpp:481-481 0a71e0fbac3380c6
src/http2/uvcpp_h2_session.cpp:482-482 382c8db4b149919a
src/http2/uvcpp_h2_session.cpp:484-484 2fef97b1cdf27409
src/http2/uvcpp_h2_session.cpp:486-486 c2d8fe534702df78
src/http2/uvcpp_h2_session.cpp:505-505 979bb88684765773
src/http2/uvcpp_h2_session.cpp:508-508 1eec2e3146060812
src/http2/uvcpp_h2_session.cpp:512-512 e266bf187351d458
src/http2/uvcpp_h2_session.cpp:522-522 dcbd1992fc8034bb
src/http2/uvcpp_h2_session.cpp:531-531 6fd97cafb3c5ae15
src/http2/uvcpp_h2_session.cpp:536-536 ba1da34df71184d7
src/http2/uvcpp_h2_session.cpp:55-56 899ceb8caf17e704
src/http2/uvcpp_h2_session.cpp:694-694 94e644eff6ddda0d
src/http2/uvcpp_h2_session.cpp:703-703 6b031e8b38187821
src/http2/uvcpp_h2_session.cpp:708-708 dc81b2d688a642fb
src/http2/uvcpp_h2_session.cpp:721-721 61375cd9d0efa8bb
src/http2/uvcpp_h2_session.cpp:732-732 fe1a925a7211114c
src/http2/uvcpp_h2_session.cpp:738-738 ffe6316c076fe7ee
src/http2/uvcpp_h2_session.cpp:748-748 8de87eb8d77bc8ec
src/http2/uvcpp_h2_session.cpp:761-761 8a9f9b8835829f00
src/http2/uvcpp_h2_session.cpp:886-886 db4c42e332721502
src/http2/uvcpp_h2_session.cpp:917-917 9ec3f4c602e73a0a
src/http2/uvcpp_h2_session.h:108-112 8259e3e59851b3c7
src/http2/uvcpp_h2_session.h:141-147 4114d12aeaa34eaa
src/http2/uvcpp_h2_session.h:168-180 a6b688718f5ac0c1
src/http2/uvcpp_h2_session.h:187-187 86a5a1a8cb9c6759
src/http2/uvcpp_h2_session.h:191-191 3f7e8c5eded261a9
src/http2/uvcpp_h2_session.h:201-201 18f7df150bd536a0
src/http2/uvcpp_h2_session.h:210-215 884218590dbe89c7
src/http2/uvcpp_h2_session.h:217-217 f453afd5cf01cc65
src/http2/uvcpp_h2_session.h:227-227 a2c967bf02ca4d35
src/http2/uvcpp_h2_session.h:229-229 d09f4b4b176afd28
src/http2/uvcpp_h2_session.h:291-291 1fa4c5def29775c3
src/http2/uvcpp_h2_session.h:326-326 c483360c2df9eab3
src/http2/uvcpp_h2_session.h:33-33 24a0ea5ff3bfa408
src/http2/uvcpp_h2_session.h:332-341 220823a8141eb904
src/http2/uvcpp_h2_session.h:343-343 ce141c59bbf77137
src/http2/uvcpp_h2_session.h:354-354 b3aeeb6c0d013507
src/http2/uvcpp_h2_session.h:359-359 b26b7fa21b71d855
src/http2/uvcpp_h2_session.h:361-361 d09f4b4b176afd28
src/http2/uvcpp_h2_session.h:372-372 e2a6c4304987a704
src/http2/uvcpp_h2_session.h:374-374 d3cbd4c4874c6d68
src/http2/uvcpp_h2_session.h:376-376 36695cafa252b51c
src/http2/uvcpp_h2_session.h:394-394 ebc2aa6300d31fbe
src/http2/uvcpp_h2_session.h:63-63 1fb5658340ced869
src/http2/uvcpp_h2_session.h:70-70 7999f4fb6ee9ccbe
src/http2/uvcpp_h2_session.h:71-71 d09f4b4b176afd28
src/net/uvcpp_net_read.h:49-51 1c0b87fef5c905b5
src/net/uvcpp_net_read.h:64-66 43399d7dcc1030a1
src/net/uvcpp_net_read.h:68-68 46111d0759e14584
src/net/uvcpp_net_read.h:95-95 bace03d0f6ff3182
src/net/uvcpp_tcp_client.cpp:1083-1086 1e036d71316a81c6
src/net/uvcpp_tcp_client.cpp:126-126 f1be8ca66f4149b5
src/net/uvcpp_tcp_client.cpp:1818-1826 5df26d1bf4b7dbca
src/net/uvcpp_tcp_client.cpp:2109-2109 0a53ccfa455acde3
src/net/uvcpp_tcp_client.cpp:594-598 85543241fdfec789
src/net/uvcpp_tcp_client.h:161-173 b82385b59a1dcbd5
src/net/uvcpp_tcp_client.h:185-185 0efd806ccd819af8
src/net/uvcpp_tcp_client.h:189-189 760ad7b5012e9f1f
src/net/uvcpp_tcp_client.h:192-192 0d90308366291574
src/net/uvcpp_tcp_client.h:204-204 24b1bada628bd0f9
src/net/uvcpp_tcp_client.h:226-226 a485157291a76f2f
src/net/uvcpp_tcp_client.h:337-337 1c112210bf1a52e0
src/net/uvcpp_tcp_client.h:360-363 3ecca8837032620a
src/net/uvcpp_tcp_client.h:443-444 a71ccc516d23687f
src/net/uvcpp_tcp_client.h:512-516 831c0dc2353aa96d
src/net/uvcpp_tcp_client.h:524-526 fbec72d28d6476ca
src/net/uvcpp_tcp_client.h:76-78 da34d40f8fc445a3
src/net/uvcpp_tcp_client.h:99-99 d11ace6cfc85bba0
src/net/uvcpp_tcp_server.cpp:399-406 2b2ee4892cf98596
src/net/uvcpp_tcp_server.cpp:466-468 656e275ae77689ca
src/net/uvcpp_tcp_server.cpp:70-72 b5de566d46ca0d34
src/net/uvcpp_tcp_server.h:114-114 8ee1e231253d59de
src/net/uvcpp_tcp_server.h:146-147 d4607d5234a8f92c
src/net/uvcpp_tcp_server.h:190-203 4cb7dca665dd8e39
src/net/uvcpp_tcp_server.h:230-232 b3582956da3c37c8
src/net/uvcpp_tcp_server.h:234-234 08b07dd52467473b
src/net/uvcpp_tcp_server.h:24-24 2c975c75951af50b
src/net/uvcpp_tcp_server.h:337-345 d8b58caf3500ebca
src/net/uvcpp_tcp_server.h:346-348 bf9968cb4e22ad54
src/net/uvcpp_tcp_server.h:350-351 50942e088938071d
src/net/uvcpp_tcp_server.h:353-353 cb2dd4f1b3ddbd6a
src/net/uvcpp_tcp_server.h:44-49 acb22a41c3b23f66
src/net/uvcpp_tcp_server.h:449-449 cdbc26b28b6467b5
src/net/uvcpp_tcp_server.h:46-49 7f04a8b3fb14a766
src/net/uvcpp_tcp_server.h:50-56 6c4934b261a9cc89
src/net/uvcpp_tcp_server.h:83-88 451a810cbb9be70b
src/net/uvcpp_udp_client.cpp:828-828 a0f156405122d91e
src/net/uvcpp_udp_client.h:72-72 25bf4d22cd8306d1
src/net/uvcpp_udp_server.cpp:165-165 f756f35ae790d904
src/net/uvcpp_udp_server.cpp:177-201 b7593379f0bb1cb9
src/net/uvcpp_udp_server.h:51-51 e1e48a6f8b9b57b8
src/req/uvcpp_req.h:127-127 07d18821893c9abc
src/req/uvcpp_req.h:145-164 0e19d8049a072639
src/req/uvcpp_req.h:149-156 0d64bc397de1060b
src/req/uvcpp_req.h:88-88 575e91e6ccc888b7
src/req/uvcpp_work.cpp:20-20 f19c27fbe95eeefa
src/req/uvcpp_work.cpp:20-23 7e7bb9bf80045739
src/req/uvcpp_work.h:51-54 ecd7dc6ab17370d7
src/req/uvcpp_write.h:36-46 081e2f35c2212794
src/req/uvcpp_write.h:56-56 54fb27d65bc46192
src/req/uvcpp_write.h:67-70 32ff485cbdfde7c6
src/req/uvcpp_write.h:77-83 7f0fe098a6bb0c05
src/ssl/uvcpp_ssl.h:100-100 0d218d75a5a85b98
src/ssl/uvcpp_ssl.h:17-17 e3afebbc8dd690a0
src/ssl/uvcpp_ssl.h:33-33 a9f32c9d1b61bbbe
src/ssl/uvcpp_ssl.h:90-98 d78c76cac382603d
src/ssl/uvcpp_ssl_common.h:14-14 e3afebbc8dd690a0
src/ssl/uvcpp_ssl_common.h:30-35 b92f221e204e8180
src/ssl/uvcpp_ssl_common.h:50-54 abbb849fa3523a84
src/ssl/uvcpp_ssl_common.h:87-90 196597d4de2abce3
src/ssl/uvcpp_ssl_common.h:93-93 99a6434ade443687
src/ssl/uvcpp_ssl_context.cpp:109-125 79317847de6f1cef
src/ssl/uvcpp_ssl_context.cpp:110-112 cb9bb06acb5ce854
src/ssl/uvcpp_ssl_context.cpp:133-147 a43194d973b38701
src/ssl/uvcpp_ssl_context.cpp:159-159 1d8b272291c07c52
src/ssl/uvcpp_ssl_context.cpp:212-212 9b7b08a30487ede3
src/ssl/uvcpp_ssl_context.cpp:278-279 f6ecb2fe3b697647
src/ssl/uvcpp_ssl_context.cpp:338-338 0f8396b6aa75e591
src/ssl/uvcpp_ssl_context.cpp:54-54 619a3124e826b0b2
src/ssl/uvcpp_ssl_context.cpp:68-68 be1132262181b1b7
src/ssl/uvcpp_ssl_context.h:125-127 ea01d8f31f0fac9a
src/ssl/uvcpp_ssl_context.h:131-137 a2d2d7f96ec41aef
src/ssl/uvcpp_ssl_context.h:166-166 1ceb8023f9545958
src/ssl/uvcpp_ssl_context.h:18-18 e3afebbc8dd690a0
src/ssl/uvcpp_ssl_context.h:26-26 e10309625eca914e
src/ssl/uvcpp_ssl_context.h:31-31 80f59c83737c4642
src/ssl/uvcpp_ssl_context.h:34-34 84f1b71ee2308b4c
src/ssl/uvcpp_ssl_context.h:37-37 6c2e2d0ddc8a2ded
src/ssl/uvcpp_ssl_context.h:43-49 fc671cd6991d726e
src/ssl/uvcpp_ssl_context.h:73-76 843742827c2d1556
src/ssl/uvcpp_ssl_context.h:8-9 3e5c374555875e42
src/uvcpp.h:22-24 ad320ed9710bf37f
src/uvcpp/uvcpp_alloc.h:102-105 27f3fb2fa3d9c174
src/uvcpp/uvcpp_alloc.h:121-126 3412746a3678c8b0
src/uvcpp/uvcpp_alloc.h:19-21 ad3a027337602da7
src/uvcpp/uvcpp_alloc.h:25-87 2479761512ea727a
src/uvcpp/uvcpp_alloc.h:45-45 3afa60e6cd9e00a4
src/uvcpp/uvcpp_alloc.h:56-59 331816aea18a058d
src/uvcpp/uvcpp_alloc.h:89-89 8efceaec612de61b
src/uvcpp/uvcpp_buf.cpp:404-404 a6c1afb1ce89b68c
src/uvcpp/uvcpp_buf.cpp:416-416 02130caa8255b0a2
src/uvcpp/uvcpp_buf.h:20-20 207569d6c55f2b31
src/web/uvcpp_http_client.cpp:1006-1010 8c5d2999a4425ab8
src/web/uvcpp_http_client.cpp:1057-1061 17bfaecd38ef9b3e
src/web/uvcpp_http_client.cpp:1124-1124 7cb06f8ab7910945
src/web/uvcpp_http_client.cpp:1151-1151 82b5429d194071da
src/web/uvcpp_http_client.cpp:1153-1153 c4f28dac995e9fef
src/web/uvcpp_http_client.cpp:1165-1165 73485f20bdce6ed2
src/web/uvcpp_http_client.cpp:1187-1187 a00c14f028c56cab
src/web/uvcpp_http_client.cpp:1212-1212 f90bffbc2ad74adf
src/web/uvcpp_http_client.cpp:1278-1278 73e8320ef3a6631b
src/web/uvcpp_http_client.cpp:1298-1298 37f9edf546868157
src/web/uvcpp_http_client.cpp:200-200 3101a56cf9aa9a8e
src/web/uvcpp_http_client.cpp:224-224 b46945cf76f3cf22
src/web/uvcpp_http_client.cpp:228-228 ce8513068ff69a1f
src/web/uvcpp_http_client.cpp:244-244 fc1b340d1d4d31a9
src/web/uvcpp_http_client.cpp:263-263 00bb095121c0026e
src/web/uvcpp_http_client.cpp:265-265 7ad32943def66ec1
src/web/uvcpp_http_client.cpp:267-267 aa6bf7130e33d3e9
src/web/uvcpp_http_client.cpp:373-373 0b69c13cca5cffbd
src/web/uvcpp_http_client.cpp:382-382 f587f4518a3db25d
src/web/uvcpp_http_client.cpp:418-429 734ece222174c868
src/web/uvcpp_http_client.cpp:44-63 f118bde558092109
src/web/uvcpp_http_client.cpp:452-467 0ba1746f2c857d07
src/web/uvcpp_http_client.cpp:49-53 a6454d8e70a85a9f
src/web/uvcpp_http_client.cpp:510-510 ab89266d85a2e4c6
src/web/uvcpp_http_client.cpp:513-530 90a5e4698d2cd79c
src/web/uvcpp_http_client.cpp:524-524 0b69c13cca5cffbd
src/web/uvcpp_http_client.cpp:636-656 37da23829c80fb45
src/web/uvcpp_http_client.cpp:740-740 643136f9dd3e1790
src/web/uvcpp_http_client.h:131-133 353a69935170b4d6
src/web/uvcpp_http_client.h:147-151 21f0295d8397644b
src/web/uvcpp_http_client.h:162-177 85c571f34b36812d
src/web/uvcpp_http_client.h:206-211 4f2f3a36ca4b9563
src/web/uvcpp_http_client.h:221-230 0e4969770f315a3c
src/web/uvcpp_http_client.h:255-255 ba98e21b46a7f3c3
src/web/uvcpp_http_client.h:338-338 77940e08340681ed
src/web/uvcpp_http_client.h:343-354 5e1bd587480aa0cd
src/web/uvcpp_http_client.h:360-360 ffdce0a14f48d09e
src/web/uvcpp_http_client.h:385-385 87d70f054eaf6247
src/web/uvcpp_http_client.h:43-45 22f2d8d7b1cbef95
src/web/uvcpp_http_client.h:62-62 b28db9b27491a2ec
src/web/uvcpp_http_common.h:246-247 5d5591c858a59089
src/web/uvcpp_http_compress.cpp:144-163 48e7d9a7d957f1cf
src/web/uvcpp_http_parser.cpp:411-459 36c72595b65f436f
src/web/uvcpp_http_request.cpp:130-133 1ac3a55d3bffca60
src/web/uvcpp_http_request.cpp:25-36 caad271b3be84e0c
src/web/uvcpp_http_request.h:108-108 414fc2230e038037
src/web/uvcpp_http_request.h:39-39 0e65b3329f91061b
src/web/uvcpp_http_request.h:40-40 f3931ecc5d178b01
src/web/uvcpp_http_request.h:42-42 8a9b3a81439de360
src/web/uvcpp_http_request.h:43-43 0dfe63509c9a942f
src/web/uvcpp_http_response.cpp:25-42 6f93444f1838a050
src/web/uvcpp_http_response.h:136-136 97e67d4e228ea020
src/web/uvcpp_http_response.h:40-40 5d21b46f18af0b31
src/web/uvcpp_http_response.h:45-49 4ce66406b67bf547
src/web/uvcpp_http_response.h:52-58 69c517704603643e
src/web/uvcpp_http_server.cpp:108-131 c1cb095526a071cb
src/web/uvcpp_http_server.cpp:1100-1102 ff86d405a49a1611
src/web/uvcpp_http_server.cpp:133-146 64883389b798ac8c
src/web/uvcpp_http_server.cpp:135-138 d0192b315ebc354a
src/web/uvcpp_http_server.cpp:1368-1368 26cff103a420234e
src/web/uvcpp_http_server.cpp:1373-1373 e652a9b02282fedb
src/web/uvcpp_http_server.cpp:1393-1394 c2decf99cf2c665d
src/web/uvcpp_http_server.cpp:1429-1429 21871b8cf1bf3fae
src/web/uvcpp_http_server.cpp:1434-1434 a3ac561236f1ef02
src/web/uvcpp_http_server.cpp:1436-1436 3519b99c8268f5e2
src/web/uvcpp_http_server.cpp:1437-1437 e3d70bbce0c255b9
src/web/uvcpp_http_server.cpp:1473-1473 ae7b2b05807f2fe6
src/web/uvcpp_http_server.cpp:1486-1494 07d173d5fb93cbe8
src/web/uvcpp_http_server.cpp:165-165 876b171fff7eedbf
src/web/uvcpp_http_server.cpp:175-176 d9c81826458399cb
src/web/uvcpp_http_server.cpp:229-229 bb22513d98675b39
src/web/uvcpp_http_server.cpp:243-291 780980cce9f65645
src/web/uvcpp_http_server.cpp:331-347 cce07ef58750c70b
src/web/uvcpp_http_server.cpp:373-374 a09e7c9adb1d9f15
src/web/uvcpp_http_server.cpp:44-46 183c1c3c6440adc2
src/web/uvcpp_http_server.cpp:445-445 0a7049b08e4a7ca4
src/web/uvcpp_http_server.cpp:464-464 1564c2be8e6f52f8
src/web/uvcpp_http_server.cpp:484-489 d95116292dd54c55
src/web/uvcpp_http_server.cpp:495-496 420c79c39b7dd9a0
src/web/uvcpp_http_server.cpp:574-582 f1b5210fac28870c
src/web/uvcpp_http_server.cpp:59-61 87bbe0c50118762d
src/web/uvcpp_http_server.cpp:598-612 c31fd34f6041515c
src/web/uvcpp_http_server.cpp:71-89 b78f99741371fb8d
src/web/uvcpp_http_server.cpp:84-84 ef72f828ae328e41
src/web/uvcpp_http_server.cpp:95-95 f38e455495037c88
src/web/uvcpp_http_server.cpp:95-97 390e1a5e08711310
src/web/uvcpp_http_server.h:105-107 2ce1f9bd40acddfb
src/web/uvcpp_http_server.h:112-114 967970b4c77d8ff5
src/web/uvcpp_http_server.h:149-158 4b11a1f7c27ca315
src/web/uvcpp_http_server.h:172-172 3b66a21918295b88
src/web/uvcpp_http_server.h:188-188 99d8638604a9e305
src/web/uvcpp_http_server.h:19-19 01edf0cd76b50c80
src/web/uvcpp_http_server.h:190-190 9d5f8687c4e51ea3
src/web/uvcpp_http_server.h:246-279 fb2ee2b13e7a3723
src/web/uvcpp_http_server.h:295-300 c77fccf5e37d1d4a
src/web/uvcpp_http_server.h:305-308 bbadbe4a28da029b
src/web/uvcpp_http_server.h:411-424 0c0f773b7cc02589
src/web/uvcpp_http_server.h:463-510 0aba404645bf1e1a
src/web/uvcpp_http_server.h:466-489 c8d9516ff65b5812
src/web/uvcpp_http_server.h:556-556 3884a289e1e9b79b
src/web/uvcpp_http_server.h:559-559 8cd9a1f16841b592
src/web/uvcpp_http_server.h:655-685 413523368f73dcca
src/web/uvcpp_http_server.h:853-853 64221c87af878ff1
src/web/uvcpp_http_server.h:868-871 53a827eb25940c7b
src/web/uvcpp_http_server.h:931-933 ddac3066694e5baa
src/web/uvcpp_http_server.h:935-941 a0da3738ad761387
src/web/uvcpp_http_server.h:943-943 7f3215a79b83937a
src/web/uvcpp_http_server.h:946-946 001d5fa8a2863ba4
src/web/uvcpp_http_server.h:947-947 9598a031e52a7f6b
src/web/uvcpp_static_server.cpp:165-183 406850a9c0be727f
src/web/uvcpp_static_server.cpp:39-76 bd9f4d351d9cfb46
src/web/uvcpp_static_server.cpp:40-44 f54edeccad5462d3
src/web/uvcpp_static_server.cpp:418-418 7ed31143d74cacc4
src/web/uvcpp_static_server.cpp:443-443 fdfb9a29003771bf
src/web/uvcpp_static_server.h:178-179 a12e2fe09dfc4d9e
src/web/uvcpp_static_server.h:28-43 66c5431a3564f8cc
src/web/uvcpp_static_server.h:81-83 1bf0d7e94c0c78f0
src/web/uvcpp_static_server.h:88-89 be904b4c7d279cb1
src/web/uvcpp_static_server.h:96-96 59956e2628fc1d25
src/web/uvcpp_static_server.h:99-99 10c4dda3c29e5ceb
src/web/uvcpp_ws_client.cpp:120-120 e1e5570587d255f2
src/web/uvcpp_ws_client.cpp:124-145 b0ddc21dfc430f0e
src/web/uvcpp_ws_client.cpp:146-146 dcbdf0214e593b36
src/web/uvcpp_ws_client.cpp:198-198 7d766551d4f6c19e
src/web/uvcpp_ws_client.cpp:207-207 ceed418ad2f49195
src/web/uvcpp_ws_client.cpp:210-210 681a40c2c7ae2e53
src/web/uvcpp_ws_client.cpp:227-227 ea58152c920cd1da
src/web/uvcpp_ws_client.cpp:244-244 7a4fc7b60f24b143
src/web/uvcpp_ws_client.cpp:275-275 8c8e0469e9fb1b7d
src/web/uvcpp_ws_client.cpp:277-277 669f943bd88c3f0c
src/web/uvcpp_ws_client.cpp:288-288 537eab1979c75688
src/web/uvcpp_ws_client.cpp:320-320 986ae65cbca392d2
src/web/uvcpp_ws_client.cpp:335-335 b3f1ebf06b36c153
src/web/uvcpp_ws_client.cpp:374-374 080a605bff12607d
src/web/uvcpp_ws_client.cpp:384-384 8ec8df9d8baa30e0
src/web/uvcpp_ws_client.cpp:423-423 ad9917ddc0e03916
src/web/uvcpp_ws_client.cpp:424-424 2dfc9b86e72cf5de
src/web/uvcpp_ws_client.cpp:434-434 5fae9c3efe601c24
src/web/uvcpp_ws_client.cpp:492-492 88a638ccbdeaff10
src/web/uvcpp_ws_client.cpp:504-504 e23a5d883643031a
src/web/uvcpp_ws_client.h:105-108 01bcc72c474e14e8
src/web/uvcpp_ws_client.h:122-122 1f76f3341ebccb19
src/web/uvcpp_ws_client.h:129-129 dfce7075e36d0e0a
src/web/uvcpp_ws_client.h:130-130 96d3559398aa018e
src/web/uvcpp_ws_client.h:164-164 1b8278d66ed4cfe0
src/web/uvcpp_ws_client.h:169-169 cb2dd4f1b3ddbd6a
src/web/uvcpp_ws_client.h:34-34 d5e8c6bfebc5d629
src/web/uvcpp_ws_client.h:43-55 2bb502980db447a3
src/web/uvcpp_ws_client.h:56-56 48ef6d3897eb5aab
src/web/uvcpp_ws_client.h:66-66 f4810f79a5c9e302
src/web/uvcpp_ws_client.h:70-70 03e2262722065fc7
src/web/uvcpp_ws_client.h:83-83 f0b570bafaffbbcb
src/web/uvcpp_ws_connection.cpp:100-100 2f8ede1869abb20c
src/web/uvcpp_ws_connection.cpp:104-104 04148b7ca3e59957
src/web/uvcpp_ws_connection.cpp:109-109 b6ef97c9ef0602e3
src/web/uvcpp_ws_connection.cpp:136-136 7bb2b4bec768fde7
src/web/uvcpp_ws_connection.cpp:171-171 20fca471828474a1
src/web/uvcpp_ws_connection.cpp:180-180 82a3ad57e6e08815
src/web/uvcpp_ws_connection.cpp:194-194 b9020b27773ad173
src/web/uvcpp_ws_connection.cpp:195-195 7247feb3b8cbf9dd
src/web/uvcpp_ws_connection.cpp:208-208 84a81f9ef224510b
src/web/uvcpp_ws_connection.cpp:210-210 09d4b26468ba0ff5
src/web/uvcpp_ws_connection.cpp:238-238 6cb613bd36fdc75f
src/web/uvcpp_ws_connection.cpp:257-257 240257f670e27e30
src/web/uvcpp_ws_connection.cpp:283-283 d94d863619ae61d1
src/web/uvcpp_ws_connection.cpp:32-32 946704a597a007c7
src/web/uvcpp_ws_connection.cpp:359-359 44e0ca9841603a01
src/web/uvcpp_ws_connection.cpp:375-375 423daf1fc38d0c35
src/web/uvcpp_ws_connection.cpp:389-389 a6a87cf16d8497bd
src/web/uvcpp_ws_connection.cpp:392-392 b62e916881c14ee1
src/web/uvcpp_ws_connection.cpp:412-412 360dfd4dcf56d559
src/web/uvcpp_ws_connection.cpp:418-418 4aa5b5ba916fcc56
src/web/uvcpp_ws_connection.cpp:492-492 66e618bcd39607fc
src/web/uvcpp_ws_connection.cpp:584-584 ed8a4998950deaff
src/web/uvcpp_ws_connection.cpp:588-588 0dd6c9d40af8999f
src/web/uvcpp_ws_connection.cpp:590-590 c7d13d22dcfba3cf
src/web/uvcpp_ws_connection.cpp:92-92 47adccde73eb2729
src/web/uvcpp_ws_connection.h:10-23 3d813c4510f15690
src/web/uvcpp_ws_connection.h:136-136 8e489eb219531ada
src/web/uvcpp_ws_connection.h:138-138 d09f4b4b176afd28
src/web/uvcpp_ws_connection.h:144-144 1f76f3341ebccb19
src/web/uvcpp_ws_connection.h:153-153 d1f1a3954c2ba592
src/web/uvcpp_ws_connection.h:158-158 adc0fc3aa01a60ed
src/web/uvcpp_ws_connection.h:159-159 a247d8cac4a3f401
src/web/uvcpp_ws_connection.h:160-160 3a2533aca97ff471
src/web/uvcpp_ws_connection.h:161-161 993ab29edc85f0f2
src/web/uvcpp_ws_connection.h:162-162 9798b964ecd68dd5
src/web/uvcpp_ws_connection.h:169-169 4a05c91184cc6575
src/web/uvcpp_ws_connection.h:174-174 1bbc1f52ccad6271
src/web/uvcpp_ws_connection.h:176-176 d09f4b4b176afd28
src/web/uvcpp_ws_connection.h:204-204 d09f4b4b176afd28
src/web/uvcpp_ws_connection.h:213-213 ac0857b1ac601f69
src/web/uvcpp_ws_connection.h:222-222 ba98e21b46a7f3c3
src/web/uvcpp_ws_connection.h:230-230 c52d1eaabbefc6b1
src/web/uvcpp_ws_connection.h:242-242 fe353d7a218c2385
src/web/uvcpp_ws_connection.h:249-249 d09f4b4b176afd28
src/web/uvcpp_ws_connection.h:343-343 42632037db01ccb5
src/web/uvcpp_ws_connection.h:56-56 ff34c0eeef7c67e2
src/web/uvcpp_ws_connection.h:61-61 db0047ab00b5347b
src/web/uvcpp_ws_ext.h:110-110 f103385a69bdc617
src/web/uvcpp_ws_ext.h:126-126 350a28f0b1fc8091
src/web/uvcpp_ws_frame.h:41-41 c8903a3611d72aa0
src/web/uvcpp_ws_frame.h:41-53 7f88c5415d9b7d83
src/web/uvcpp_ws_frame.h:60-60 e0fb7413ab25d9f7
src/web/uvcpp_ws_parser.cpp:166-166 843553ffec0454df
src/web/uvcpp_ws_parser.cpp:193-193 6aa5fbcd20a0b515
src/web/uvcpp_ws_parser.cpp:201-201 9fd965fdadb9945d
src/web/uvcpp_ws_parser.cpp:278-278 f046d6955bbbac28
src/web/uvcpp_ws_parser.cpp:62-62 9cb718bf59cdc9b3
src/web/uvcpp_ws_parser.h:100-100 5e317c81a24fc580
src/web/uvcpp_ws_parser.h:179-179 da82913e557baf56
src/web/uvcpp_ws_parser.h:179-187 ae6b6894198ccf46
src/web/uvcpp_ws_parser.h:238-238 cec02e899f57b274
src/web/uvcpp_ws_parser.h:38-38 db4f960392733518
src/web/uvcpp_ws_parser.h:96-96 b08d3695c1c47800
src/web/uvcpp_ws_server.cpp:122-122 d6fd15c95c4d3842
src/web/uvcpp_ws_server.cpp:145-145 95a3a7cd4a843beb
src/web/uvcpp_ws_server.cpp:149-149 5335a566ddabac46
src/web/uvcpp_ws_server.cpp:158-158 6da5a33932351e1a
src/web/uvcpp_ws_server.cpp:180-180 51d88d14569dcd67
src/web/uvcpp_ws_server.cpp:194-194 9b03172701db1fcd
src/web/uvcpp_ws_server.cpp:196-196 84fa9255e1a2e906
src/web/uvcpp_ws_server.cpp:211-250 7422fa4afebed427
src/web/uvcpp_ws_server.cpp:215-215 0cfdd5de7f2f0322
src/web/uvcpp_ws_server.cpp:224-224 fa827e95f208607a
src/web/uvcpp_ws_server.cpp:227-227 bfbe527499c1b516
src/web/uvcpp_ws_server.cpp:231-231 b532d695e288ae65
src/web/uvcpp_ws_server.cpp:238-238 9da24178b554f31c
src/web/uvcpp_ws_server.cpp:242-242 e884661bd5b9bb3f
src/web/uvcpp_ws_server.cpp:267-267 a739f538fbdf0753
src/web/uvcpp_ws_server.cpp:280-280 df33e45f1f77b2e0
src/web/uvcpp_ws_server.h:105-105 ce26bf2b4a1330a9
src/web/uvcpp_ws_server.h:11-20 9443c171acc35409
src/web/uvcpp_ws_server.h:112-112 b9c918d18ea4afcd
src/web/uvcpp_ws_server.h:118-118 dfce7075e36d0e0a
src/web/uvcpp_ws_server.h:120-120 d09f4b4b176afd28
src/web/uvcpp_ws_server.h:126-126 67b871991b6f983f
src/web/uvcpp_ws_server.h:142-142 af77780e48022f6d
src/web/uvcpp_ws_server.h:151-151 230ba1403952d8b0
src/web/uvcpp_ws_server.h:175-175 1b8278d66ed4cfe0
src/web/uvcpp_ws_server.h:43-43 31a0ea4e2e7308aa
src/web/uvcpp_ws_server.h:45-45 3459bffc07600ac3
src/web/uvcpp_ws_server.h:60-60 64e69f6e3e14c6c1
src/web/uvcpp_ws_server.h:66-66 b2caa7a540584262
src/web/uvcpp_ws_server.h:67-67 3b66a21918295b88
src/web/uvcpp_ws_server.h:74-74 0c055139a4df8242
src/web/uvcpp_ws_server.h:83-83 e9485673b48a99a6
src/web/uvcpp_ws_sessions.cpp:112-112 291f59a7385f2143
src/web/uvcpp_ws_sessions.h:1-33 1461c6f5c986d6a2
src/web/uvcpp_ws_sessions.h:106-106 d09f4b4b176afd28
src/web/uvcpp_ws_sessions.h:36-36 69bf978d5211d372
src/web/uvcpp_ws_sessions.h:69-69 45b5c9e49152a367
src/web/uvcpp_ws_sessions.h:96-96 ba98e21b46a7f3c3
src/webapp/uvcpp_log.cpp:256-258 4e43c6469d2cc704
src/webapp/uvcpp_log.cpp:273-273 0e694eee9bbb9afd
src/webapp/uvcpp_log.cpp:342-342 1e5fa0a5ec0b3950
src/webapp/uvcpp_log.h:135-140 467c75c3052b71d6
src/webapp/uvcpp_log.h:224-229 0ce090cb783bab8e
src/webapp/uvcpp_log.h:64-70 0a53e4436e69cfe2
src/webapp/uvcpp_log_console.cpp:124-124 22dbbe6bc8d955fb
src/webapp/uvcpp_log_console.cpp:126-126 3d81e22de5953c1d
src/webapp/uvcpp_log_console.cpp:134-134 5d61049b6428c384
src/webapp/uvcpp_log_console.cpp:135-135 3d3ece4e30a31189
src/webapp/uvcpp_log_console.cpp:141-141 5d61049b6428c384
src/webapp/uvcpp_log_console.cpp:142-142 3d3ece4e30a31189
src/webapp/uvcpp_log_console.cpp:149-149 f4ecd9b7e8ac8759
src/webapp/uvcpp_log_console.cpp:163-169 72384ddc009f0e0f
src/webapp/uvcpp_log_console.cpp:171-173 81558cbd4bf10079
src/webapp/uvcpp_log_console.cpp:209-214 c20d7a10a0b497da
src/webapp/uvcpp_log_console.cpp:228-235 a6e147bc87aa3950
src/webapp/uvcpp_log_console.cpp:67-85 6c8097d1f127ce0a
src/webapp/uvcpp_log_console.h:25-26 8977d2ccfa87e339
src/webapp/uvcpp_log_console.h:38-38 54c5c6f454a3b7e1
src/webapp/uvcpp_log_console.h:45-47 90bb53aecec1760d
src/webapp/uvcpp_log_console.h:6-9 cffc403f84b0e913
src/webapp/uvcpp_web_app.cpp:1683-1683 ab0734235a74e650
src/webapp/uvcpp_web_app.cpp:1725-1725 d18474a6c3d547b2
src/webapp/uvcpp_web_app.cpp:1767-1772 e4040c98cf70c69f
src/webapp/uvcpp_web_app.cpp:193-193 81a322db8a6a4b9b
src/webapp/uvcpp_web_app.cpp:2216-2222 b9b02bf6c4f5af50
src/webapp/uvcpp_web_app.cpp:385-386 3313210bfae4ce67
src/webapp/uvcpp_web_app.h:124-125 31a95f4810ed722c
src/webapp/uvcpp_web_app.h:151-154 4667ebe845740b83
src/webapp/uvcpp_web_app.h:274-274 f46122435c253add
src/webapp/uvcpp_web_app.h:352-352 2648f523005f6152
src/webapp/uvcpp_web_app.h:441-444 5644aaa47927b500
src/webapp/uvcpp_web_app.h:807-807 3595aa7db313a76c
src/webapp/uvcpp_web_connection.cpp:195-201 a76a3872d19f36f6
src/webapp/uvcpp_web_connection.h:120-120 e950ab17270a0b7c
src/webapp/uvcpp_web_connection.h:139-263 79bee308df25bc12
src/webapp/uvcpp_web_connection.h:30-31 beb28851a639e702
src/webapp/uvcpp_web_connection.h:31-31 4e74112f380a23b5
src/webapp/uvcpp_web_connection.h:57-57 6a08d309d35b1ff3
src/webapp/uvcpp_web_connection.h:60-60 11f07995e8c9885e
src/webapp/uvcpp_web_context.cpp:353-358 29063e0cffa90988
src/webapp/uvcpp_web_context.cpp:60-70 bf25714579840f30
src/webapp/uvcpp_web_context.h:281-293 7ab1858015fa1b61
src/webapp/uvcpp_web_context.h:356-358 1538afd55b66e196
src/webapp/uvcpp_web_context.h:58-63 b3a372df473d260a
src/webapp/uvcpp_web_context.h:98-99 36cb8ccd123fd79b
src/webapp/uvcpp_web_file.cpp:101-101 a9935174a9178eba
src/webapp/uvcpp_web_file.cpp:173-179 f8ad1d59b28b819c
src/webapp/uvcpp_web_file.cpp:197-203 1faf6de1ee63cf63
src/webapp/uvcpp_web_file.cpp:210-216 fb9a029a7db6d50b
src/webapp/uvcpp_web_file.cpp:265-270 4cafe369d0011162
src/webapp/uvcpp_web_file.cpp:333-337 eca930879b84158c
src/webapp/uvcpp_web_file.cpp:349-353 4a0b3acb802154fd
src/webapp/uvcpp_web_file.h:116-123 d125f0c50be2c3a7
src/webapp/uvcpp_web_file.h:126-131 c3a65a5d21b8bba9
src/webapp/uvcpp_web_file.h:140-142 d88c5e67c52308c8
src/webapp/uvcpp_web_file.h:165-165 efb3d9edb68d58e3
src/webapp/uvcpp_web_file.h:210-212 e52b7763ca48656c
src/webapp/uvcpp_web_file.h:214-215 c8640848b10b99f4
src/webapp/uvcpp_web_file.h:251-254 9c63cf51a03bc6d6
src/webapp/uvcpp_web_file.h:26-38 bf44df5fff247d98
src/webapp/uvcpp_web_file.h:323-329 55e61d9e371dbd6e
src/webapp/uvcpp_web_file.h:324-324 a4e6cef654594be0
src/webapp/uvcpp_web_file.h:70-71 05241ec71313e84d
src/webapp/uvcpp_web_middleware.cpp:92-92 443eaa0ed077983f
src/webapp/uvcpp_web_mime.cpp:107-108 7b5d69ac87db7ce4
src/webapp/uvcpp_web_mime.cpp:110-125 3b3cc69df570f19a
src/webapp/uvcpp_web_mime.cpp:135-139 10ff469f0e1b08b4
src/webapp/uvcpp_web_mime.h:10-19 b1384538489b334b
src/webapp/uvcpp_web_mime.h:103-104 efa858f587535b64
src/webapp/uvcpp_web_mime.h:111-113 8b3b8cdb4a9c3346
src/webapp/uvcpp_web_mime.h:126-126 e379f7523a6ca0ee
src/webapp/uvcpp_web_mime.h:31-34 dc531a0e1ca66dfe
src/webapp/uvcpp_web_multipart.cpp:227-234 8dcdc3e143b8a0cb
src/webapp/uvcpp_web_multipart.cpp:248-254 427291dcfd77e647
src/webapp/uvcpp_web_multipart.cpp:288-293 2b678c869941d7e7
src/webapp/uvcpp_web_multipart.cpp:316-322 e4b1a31e384df042
src/webapp/uvcpp_web_multipart.cpp:341-341 99304a2a6216aa38
src/webapp/uvcpp_web_multipart.cpp:342-348 2110f3ffc5b67a5d
src/webapp/uvcpp_web_multipart.cpp:363-363 c88bfad46a670fe9
src/webapp/uvcpp_web_multipart.cpp:368-368 0b87644af52657e9
src/webapp/uvcpp_web_multipart.cpp:430-430 d126fb1020ea8362
src/webapp/uvcpp_web_multipart.cpp:436-436 9b1bf912592a1241
src/webapp/uvcpp_web_multipart.cpp:489-489 a17a6f9ac191453d
src/webapp/uvcpp_web_multipart.cpp:502-502 9e3bec7ded9098fb
src/webapp/uvcpp_web_multipart.cpp:648-648 a2e42f8ddf62a7ed
src/webapp/uvcpp_web_multipart.cpp:650-653 7f4455e3cf0be3ce
src/webapp/uvcpp_web_multipart.h:13-16 2a1308a29c74d6db
src/webapp/uvcpp_web_multipart.h:206-206 a8e7fc537ff1575a
src/webapp/uvcpp_web_multipart.h:60-62 9a6e7d28520fde10
src/webapp/uvcpp_web_multipart.h:69-73 78ece24220da3b07
src/webapp/uvcpp_web_multipart.h:76-83 298c3693b4c9c225
src/webapp/uvcpp_web_response.cpp:1133-1153 c14d42880a33c69a
src/webapp/uvcpp_web_router.h:9-14 85d15141c4bec3dd
src/webapp/uvcpp_web_util.cpp:107-119 858dcb1b9b9fdec3
src/webapp/uvcpp_web_util.cpp:1179-1180 5b7a6597b3a965b8
src/webapp/uvcpp_web_util.cpp:125-130 e2de7bb3c7971a5e
src/webapp/uvcpp_web_util.cpp:158-167 559e3807d5ca0f13
src/webapp/uvcpp_web_util.cpp:177-177 0f7f2b30fabbb797
src/webapp/uvcpp_web_util.cpp:204-208 0f3f59e4b0002363
src/webapp/uvcpp_web_util.cpp:226-228 95d7553306277597
src/webapp/uvcpp_web_util.cpp:252-282 6999f5b3d2e2d872
src/webapp/uvcpp_web_util.cpp:459-462 49dd2fc79a020816
src/webapp/uvcpp_web_util.cpp:467-467 295d24454a71a7c3
src/webapp/uvcpp_web_util.cpp:469-472 999c4a071c46d750
src/webapp/uvcpp_web_util.cpp:481-486 61f90c9dd5abf776
src/webapp/uvcpp_web_util.cpp:484-487 d909e085d0b3bd61
src/webapp/uvcpp_web_util.cpp:979-982 991c2d05334ce752
src/webapp/uvcpp_web_util.h:133-147 396207a6e7ca9d6c
src/webapp/uvcpp_web_util.h:158-161 342e5e7196d5459c
src/webapp/uvcpp_web_util.h:179-179 a243cc4c11a151f4
src/webapp/uvcpp_web_util.h:209-212 12396f50ef06c2e8
src/webapp/uvcpp_web_util.h:294-295 859e379993b6e810
src/webapp/uvcpp_web_util.h:317-320 7e101ba6353aee20
src/webapp/uvcpp_web_util.h:342-342 d3225143a250965f
src/webapp/uvcpp_web_util.h:347-357 a0b076ab1e1fb834
src/webapp/uvcpp_web_util.h:372-386 890ca45c209984e4
src/webapp/uvcpp_web_util.h:411-413 4c9252b2dd29c486
src/webapp/uvcpp_web_util.h:415-419 9ff2e4958b28c525
src/webapp/uvcpp_web_util.h:456-456 c1438ca98c7caa1f
src/webapp/uvcpp_web_ws_client.h:402-402 7c944a0bf34320a1
src/webapp/uvcpp_web_ws_client.h:52-52 54180563d582dd6f
tests/functional/web_app_log_func.cpp:84-84 9f08a80b757a68bc
tests/functional/web_ssl_func.cpp:152-156 4880aac536b78193
tests/functional/web_ssl_h2_client_func.cpp:185-185 8b1f74e620117915
tests/functional/web_ssl_h2_server_func.cpp:407-407 540e8771caad39a2
tests/functional/web_ssl_h2_server_func.cpp:457-457 3682e8e36da59e22
tests/functional/web_ssl_server_func.cpp:131-135 936bd872ee4b7052
tests/functional/web_ws_func.cpp:24-24 044ab25a38068189
