# 行号引用锁文件 —— 由 tests/tools/check_doc_lines.py --update 生成。
# 不要手改：这个文件的作用是让「源码被引用处改了字」必须被人重新确认一次。
# 格式：<文件>:<起>-<止> <sha1_16(区间内容, 逐行去尾空白)>
src/expand/uvcpp_memory_pool.cpp:245-262 f515fb3e4707d626
src/expand/uvcpp_memory_pool.cpp:264-281 b59d73701badb183
src/expand/uvcpp_memory_pool.cpp:305-305 24b885117f83459e
src/expand/uvcpp_memory_pool.cpp:338-338 3a14055a5b6b44a3
src/expand/uvcpp_memory_pool.cpp:549-551 17b3b25421ed1e7d
src/expand/uvcpp_memory_pool.h:1015-1019 f2e913808b5552d8
src/expand/uvcpp_memory_pool.h:1024-1025 10be066c216c1332
src/expand/uvcpp_memory_pool.h:103-152 1a750838dbe12bf8
src/expand/uvcpp_memory_pool.h:1032-1035 97c718eb59d1346e
src/expand/uvcpp_memory_pool.h:1049-1086 b4b63aebbe56fb3b
src/expand/uvcpp_memory_pool.h:1082-1082 8a488886a2944f97
src/expand/uvcpp_memory_pool.h:165-184 29e927ecbbde288a
src/expand/uvcpp_memory_pool.h:184-184 c79abea44e6d3213
src/expand/uvcpp_memory_pool.h:187-187 f9464d3d5a8c4946
src/expand/uvcpp_memory_pool.h:216-240 dd21e13b72e076ea
src/expand/uvcpp_memory_pool.h:277-295 9dbb62289d89ce61
src/expand/uvcpp_memory_pool.h:290-294 6ab4964c78945107
src/expand/uvcpp_memory_pool.h:326-328 72c0520e9c4b8b37
src/expand/uvcpp_memory_pool.h:404-404 cf63b6d1c1de5c5f
src/expand/uvcpp_memory_pool.h:427-427 c4b3ff93f752d479
src/expand/uvcpp_memory_pool.h:465-471 7f03083bb7c23e73
src/expand/uvcpp_memory_pool.h:478-478 7dfb84d831bc8722
src/expand/uvcpp_memory_pool.h:482-482 c49d29ade19afa4c
src/expand/uvcpp_memory_pool.h:492-492 daf51fbed5c9d6a7
src/expand/uvcpp_memory_pool.h:538-539 6f26490b6b546d81
src/expand/uvcpp_memory_pool.h:666-666 f221713c7c6b851b
src/expand/uvcpp_memory_pool.h:670-675 e83f9c4da7628f13
src/expand/uvcpp_memory_pool.h:777-777 4395ff6ac8072561
src/expand/uvcpp_memory_pool.h:79-79 8c9b66cf195c5a0e
src/expand/uvcpp_memory_pool.h:800-802 58d186e6d5f5be3c
src/expand/uvcpp_memory_pool.h:842-844 3d549fe9e1c42317
src/expand/uvcpp_memory_pool.h:852-855 5c7daf8eac45f67f
src/expand/uvcpp_memory_pool.h:859-872 d9a486e9428cbe24
src/expand/uvcpp_memory_pool.h:930-934 427396ac14a4369c
src/expand/uvcpp_memory_pool.h:947-953 d11630267101e53a
src/expand/uvcpp_memory_pool.h:992-1013 5f1c9e75d18336b9
src/expand/uvcpp_memory_pool_span.cpp:145-148 394690683ac59c90
src/expand/uvcpp_memory_pool_span.h:3-3 7550570581439d7f
src/expand/uvcpp_memory_pool_span.h:59-59 507df9e2e6ffe099
src/expand/uvcpp_page_allocator.h:27-27 ba76c0ca0b3fd168
src/expand/uvcpp_page_heap.cpp:1276-1279 153c735b61dd0bb6
src/expand/uvcpp_page_heap.cpp:1281-1285 304ac7a4c1d7b8fb
src/expand/uvcpp_page_heap.cpp:277-277 e266bf187351d458
src/expand/uvcpp_page_heap.h:162-162 0acc2856f679cfd0
src/expand/uvcpp_page_heap.h:209-211 b7599a3e3e276e84
src/expand/uvcpp_page_heap.h:209-212 431205d8fee0910e
src/expand/uvcpp_page_heap.h:226-233 aa99cc7376bfb78c
src/expand/uvcpp_page_heap.h:226-255 58f0b7fff76e1460
src/expand/uvcpp_page_heap.h:235-241 36db19095b05d83f
src/expand/uvcpp_page_heap.h:248-255 0a707f1b65a01d0f
src/expand/uvcpp_page_heap.h:257-265 f6e3fbb6a3c0bf92
src/expand/uvcpp_page_heap.h:336-336 854a071c55271a6b
src/expand/uvcpp_page_heap.h:342-342 b7b76037313ad1d8
src/expand/uvcpp_page_heap.h:8-8 c84dea8500a8d839
src/handle/uvcpp_async.h:34-34 4b62ab71221a5f81
src/handle/uvcpp_check.cpp:37-37 d2c4ee95232aff93
src/handle/uvcpp_handle.cpp:149-154 0b02ebada76f7196
src/handle/uvcpp_handle.cpp:193-225 c65dd94d695d94b9
src/handle/uvcpp_handle.h:106-106 25ab8aeceb0acedc
src/handle/uvcpp_handle.h:86-86 7d4afc5decc53bde
src/handle/uvcpp_idle.cpp:30-30 ceccdc170a8de697
src/handle/uvcpp_idle.cpp:38-43 fee81892da635e1f
src/handle/uvcpp_loop.cpp:136-140 20833b952a26ad9b
src/handle/uvcpp_loop.cpp:159-164 04fbc621173d9946
src/handle/uvcpp_loop.cpp:26-26 5a968462ecbd0233
src/handle/uvcpp_loop.cpp:57-63 a66d3db676ce55c1
src/handle/uvcpp_loop.cpp:59-60 01c1a42b4b23b655
src/handle/uvcpp_loop.h:20-20 ddd0ce215bed4fcc
src/handle/uvcpp_loop.h:40-50 83e3066dd1334aaa
src/handle/uvcpp_loop.h:61-67 64ba44162468da80
src/handle/uvcpp_stream.h:63-63 6e861a487163e855
src/handle/uvcpp_timer.cpp:17-21 68b0eb919af513eb
src/handle/uvcpp_timer.cpp:36-36 7330a3590c3c9797
src/http2/uvcpp_h2_common.h:133-139 8a4a09bfa5c744d5
src/http2/uvcpp_h2_common.h:19-19 24a0ea5ff3bfa408
src/http2/uvcpp_h2_common.h:32-32 e211216d7a3fe3fd
src/http2/uvcpp_h2_common.h:35-35 3a585113c0d5df67
src/http2/uvcpp_h2_common.h:46-46 8c65900c6c823ac1
src/http2/uvcpp_h2_common.h:48-48 97d70360df9ddcc8
src/http2/uvcpp_h2_common.h:88-88 07ef9f0a7fa87352
src/http2/uvcpp_h2_common.h:90-90 05c8f3373c77645c
src/http2/uvcpp_h2_connection.cpp:110-121 e92e5fa6cca68614
src/http2/uvcpp_h2_connection.cpp:176-176 03f012ead975d4f8
src/http2/uvcpp_h2_connection.cpp:18-18 f8438f07c67149dc
src/http2/uvcpp_h2_connection.cpp:332-332 45156c0d70e631d2
src/http2/uvcpp_h2_connection.cpp:49-49 272ecb7661217018
src/http2/uvcpp_h2_connection.cpp:68-68 5c485414780002dc
src/http2/uvcpp_h2_connection.h:104-104 b4f139709b297255
src/http2/uvcpp_h2_connection.h:104-108 2edc8d113a3bad32
src/http2/uvcpp_h2_connection.h:117-117 09d78433e2a134da
src/http2/uvcpp_h2_connection.h:120-120 8e316629a3defbc3
src/http2/uvcpp_h2_connection.h:123-123 abd17862eef98ff0
src/http2/uvcpp_h2_connection.h:125-137 df26cdaf2451de4d
src/http2/uvcpp_h2_connection.h:156-156 d09f4b4b176afd28
src/http2/uvcpp_h2_connection.h:27-27 24a0ea5ff3bfa408
src/http2/uvcpp_h2_connection.h:34-34 3e409f60925aba65
src/http2/uvcpp_h2_connection.h:46-46 fe2f6bada61f4694
src/http2/uvcpp_h2_connection.h:46-51 8f9994fa062022f0
src/http2/uvcpp_h2_connection.h:54-54 d09f4b4b176afd28
src/http2/uvcpp_h2_connection.h:58-58 ae8b03418f41a26f
src/http2/uvcpp_h2_connection.h:70-70 d6e15e85dd93eaf0
src/http2/uvcpp_h2_connection.h:74-74 ba98e21b46a7f3c3
src/http2/uvcpp_h2_connection.h:78-78 b12921bddf0f0c9f
src/http2/uvcpp_h2_connection.h:82-82 b98fb419567a4d6b
src/http2/uvcpp_h2_connection.h:87-87 ba563d2f5113b9a9
src/http2/uvcpp_h2_connection.h:96-96 1916a9d1224fd49e
src/http2/uvcpp_h2_connection.h:99-102 88b4d0fd05f25d40
src/http2/uvcpp_h2_session.cpp:1226-1226 c2b7df6201fdd336
src/http2/uvcpp_h2_session.cpp:165-165 18f9128271eb71ab
src/http2/uvcpp_h2_session.cpp:182-182 ee8859e452fea4f4
src/http2/uvcpp_h2_session.cpp:300-300 e4ce298e0aeea921
src/http2/uvcpp_h2_session.cpp:311-311 fd323593648c795b
src/http2/uvcpp_h2_session.cpp:386-386 8d63de33c397d0f4
src/http2/uvcpp_h2_session.cpp:416-416 63cfd3e7d0ad3ae5
src/http2/uvcpp_h2_session.cpp:431-431 b25731b531c240a7
src/http2/uvcpp_h2_session.cpp:434-434 803916df6e3cc784
src/http2/uvcpp_h2_session.cpp:481-481 0a71e0fbac3380c6
src/http2/uvcpp_h2_session.cpp:481-482 c5d066788b54f7ea
src/http2/uvcpp_h2_session.cpp:482-482 382c8db4b149919a
src/http2/uvcpp_h2_session.cpp:484-484 2fef97b1cdf27409
src/http2/uvcpp_h2_session.cpp:486-486 c2d8fe534702df78
src/http2/uvcpp_h2_session.cpp:505-505 979bb88684765773
src/http2/uvcpp_h2_session.cpp:508-508 1eec2e3146060812
src/http2/uvcpp_h2_session.cpp:512-512 e266bf187351d458
src/http2/uvcpp_h2_session.cpp:522-522 dcbd1992fc8034bb
src/http2/uvcpp_h2_session.cpp:531-531 6fd97cafb3c5ae15
src/http2/uvcpp_h2_session.cpp:536-536 ba1da34df71184d7
src/http2/uvcpp_h2_session.cpp:55-56 899ceb8caf17e704
src/http2/uvcpp_h2_session.cpp:694-694 94e644eff6ddda0d
src/http2/uvcpp_h2_session.cpp:703-703 6b031e8b38187821
src/http2/uvcpp_h2_session.cpp:708-708 dc81b2d688a642fb
src/http2/uvcpp_h2_session.cpp:721-721 61375cd9d0efa8bb
src/http2/uvcpp_h2_session.cpp:732-732 fe1a925a7211114c
src/http2/uvcpp_h2_session.cpp:738-738 ffe6316c076fe7ee
src/http2/uvcpp_h2_session.cpp:748-748 8de87eb8d77bc8ec
src/http2/uvcpp_h2_session.cpp:761-761 8a9f9b8835829f00
src/http2/uvcpp_h2_session.cpp:886-886 db4c42e332721502
src/http2/uvcpp_h2_session.cpp:917-917 9ec3f4c602e73a0a
src/http2/uvcpp_h2_session.h:108-112 8259e3e59851b3c7
src/http2/uvcpp_h2_session.h:132-132 35d55de43c6204ce
src/http2/uvcpp_h2_session.h:141-147 4114d12aeaa34eaa
src/http2/uvcpp_h2_session.h:151-151 04797a6448010807
src/http2/uvcpp_h2_session.h:183-183 86a5a1a8cb9c6759
src/http2/uvcpp_h2_session.h:187-187 3f7e8c5eded261a9
src/http2/uvcpp_h2_session.h:197-197 18f7df150bd536a0
src/http2/uvcpp_h2_session.h:206-211 884218590dbe89c7
src/http2/uvcpp_h2_session.h:213-213 f453afd5cf01cc65
src/http2/uvcpp_h2_session.h:223-223 a2c967bf02ca4d35
src/http2/uvcpp_h2_session.h:225-225 d09f4b4b176afd28
src/http2/uvcpp_h2_session.h:287-287 1fa4c5def29775c3
src/http2/uvcpp_h2_session.h:299-299 3890e3a79e560fda
src/http2/uvcpp_h2_session.h:322-322 c483360c2df9eab3
src/http2/uvcpp_h2_session.h:328-337 220823a8141eb904
src/http2/uvcpp_h2_session.h:33-33 24a0ea5ff3bfa408
src/http2/uvcpp_h2_session.h:339-339 ce141c59bbf77137
src/http2/uvcpp_h2_session.h:355-355 b26b7fa21b71d855
src/http2/uvcpp_h2_session.h:357-357 d09f4b4b176afd28
src/http2/uvcpp_h2_session.h:368-368 e2a6c4304987a704
src/http2/uvcpp_h2_session.h:370-370 d3cbd4c4874c6d68
src/http2/uvcpp_h2_session.h:372-372 36695cafa252b51c
src/http2/uvcpp_h2_session.h:390-390 ebc2aa6300d31fbe
src/http2/uvcpp_h2_session.h:63-63 1fb5658340ced869
src/http2/uvcpp_h2_session.h:70-70 7999f4fb6ee9ccbe
src/http2/uvcpp_h2_session.h:71-71 d09f4b4b176afd28
src/net/uvcpp_net_read.h:49-51 1c0b87fef5c905b5
src/net/uvcpp_net_read.h:64-66 43399d7dcc1030a1
src/net/uvcpp_net_read.h:68-68 46111d0759e14584
src/net/uvcpp_net_read.h:95-95 bace03d0f6ff3182
src/net/uvcpp_tcp_client.cpp:1083-1086 1e036d71316a81c6
src/net/uvcpp_tcp_client.cpp:126-126 f1be8ca66f4149b5
src/net/uvcpp_tcp_client.cpp:1818-1826 5df26d1bf4b7dbca
src/net/uvcpp_tcp_client.cpp:2109-2109 0a53ccfa455acde3
src/net/uvcpp_tcp_client.cpp:594-598 85543241fdfec789
src/net/uvcpp_tcp_client.h:161-173 b82385b59a1dcbd5
src/net/uvcpp_tcp_client.h:185-185 0efd806ccd819af8
src/net/uvcpp_tcp_client.h:189-189 760ad7b5012e9f1f
src/net/uvcpp_tcp_client.h:192-192 0d90308366291574
src/net/uvcpp_tcp_client.h:204-204 24b1bada628bd0f9
src/net/uvcpp_tcp_client.h:226-226 a485157291a76f2f
src/net/uvcpp_tcp_client.h:337-337 1c112210bf1a52e0
src/net/uvcpp_tcp_client.h:360-363 3ecca8837032620a
src/net/uvcpp_tcp_client.h:443-444 a71ccc516d23687f
src/net/uvcpp_tcp_client.h:512-516 831c0dc2353aa96d
src/net/uvcpp_tcp_client.h:524-526 fbec72d28d6476ca
src/net/uvcpp_tcp_client.h:76-78 da34d40f8fc445a3
src/net/uvcpp_tcp_client.h:99-99 d11ace6cfc85bba0
src/net/uvcpp_tcp_server.cpp:399-406 2b2ee4892cf98596
src/net/uvcpp_tcp_server.cpp:466-468 656e275ae77689ca
src/net/uvcpp_tcp_server.cpp:70-72 b5de566d46ca0d34
src/net/uvcpp_tcp_server.h:110-110 8ee1e231253d59de
src/net/uvcpp_tcp_server.h:142-143 d4607d5234a8f92c
src/net/uvcpp_tcp_server.h:186-199 4cb7dca665dd8e39
src/net/uvcpp_tcp_server.h:226-228 b3582956da3c37c8
src/net/uvcpp_tcp_server.h:230-230 08b07dd52467473b
src/net/uvcpp_tcp_server.h:24-24 2c975c75951af50b
src/net/uvcpp_tcp_server.h:333-341 d8b58caf3500ebca
src/net/uvcpp_tcp_server.h:342-344 bf9968cb4e22ad54
src/net/uvcpp_tcp_server.h:346-347 50942e088938071d
src/net/uvcpp_tcp_server.h:349-349 cb2dd4f1b3ddbd6a
src/net/uvcpp_tcp_server.h:44-49 acb22a41c3b23f66
src/net/uvcpp_tcp_server.h:445-445 cdbc26b28b6467b5
src/net/uvcpp_tcp_server.h:46-49 7f04a8b3fb14a766
src/net/uvcpp_tcp_server.h:50-56 6c4934b261a9cc89
src/net/uvcpp_tcp_server.h:84-84 19267abde99c100a
src/net/uvcpp_tcp_server.h:95-95 d1c0cc6900cd9c46
src/net/uvcpp_udp_client.h:72-72 25bf4d22cd8306d1
src/net/uvcpp_udp_server.cpp:177-201 b7593379f0bb1cb9
src/net/uvcpp_udp_server.h:51-51 e1e48a6f8b9b57b8
src/req/uvcpp_req.h:117-117 07d18821893c9abc
src/req/uvcpp_req.h:135-154 0e19d8049a072639
src/req/uvcpp_req.h:139-146 0d64bc397de1060b
src/req/uvcpp_req.h:49-49 92a4fc9e898a6266
src/req/uvcpp_req.h:78-78 575e91e6ccc888b7
src/req/uvcpp_work.cpp:20-20 f19c27fbe95eeefa
src/req/uvcpp_work.cpp:20-23 7e7bb9bf80045739
src/req/uvcpp_work.h:51-54 ecd7dc6ab17370d7
src/req/uvcpp_write.h:36-46 081e2f35c2212794
src/req/uvcpp_write.h:56-56 54fb27d65bc46192
src/req/uvcpp_write.h:67-70 32ff485cbdfde7c6
src/req/uvcpp_write.h:77-83 7f0fe098a6bb0c05
src/ssl/uvcpp_ssl.h:100-100 0d218d75a5a85b98
src/ssl/uvcpp_ssl.h:17-17 e3afebbc8dd690a0
src/ssl/uvcpp_ssl.h:33-33 a9f32c9d1b61bbbe
src/ssl/uvcpp_ssl.h:90-98 d78c76cac382603d
src/ssl/uvcpp_ssl_common.h:14-14 e3afebbc8dd690a0
src/ssl/uvcpp_ssl_common.h:30-30 6dfba1cbbaa2e804
src/ssl/uvcpp_ssl_common.h:78-81 196597d4de2abce3
src/ssl/uvcpp_ssl_common.h:84-84 99a6434ade443687
src/ssl/uvcpp_ssl_context.cpp:109-125 79317847de6f1cef
src/ssl/uvcpp_ssl_context.cpp:110-112 cb9bb06acb5ce854
src/ssl/uvcpp_ssl_context.cpp:133-147 a43194d973b38701
src/ssl/uvcpp_ssl_context.cpp:159-159 1d8b272291c07c52
src/ssl/uvcpp_ssl_context.cpp:212-212 9b7b08a30487ede3
src/ssl/uvcpp_ssl_context.cpp:278-279 f6ecb2fe3b697647
src/ssl/uvcpp_ssl_context.cpp:338-338 0f8396b6aa75e591
src/ssl/uvcpp_ssl_context.cpp:54-54 619a3124e826b0b2
src/ssl/uvcpp_ssl_context.cpp:68-68 be1132262181b1b7
src/ssl/uvcpp_ssl_context.h:118-120 ea01d8f31f0fac9a
src/ssl/uvcpp_ssl_context.h:126-130 9703345ef781a991
src/ssl/uvcpp_ssl_context.h:159-159 1ceb8023f9545958
src/ssl/uvcpp_ssl_context.h:18-18 e3afebbc8dd690a0
src/ssl/uvcpp_ssl_context.h:26-26 e10309625eca914e
src/ssl/uvcpp_ssl_context.h:31-31 80f59c83737c4642
src/ssl/uvcpp_ssl_context.h:34-34 84f1b71ee2308b4c
src/ssl/uvcpp_ssl_context.h:37-37 6c2e2d0ddc8a2ded
src/ssl/uvcpp_ssl_context.h:66-69 843742827c2d1556
src/ssl/uvcpp_ssl_context.h:8-9 3e5c374555875e42
src/uvcpp.h:22-24 ad320ed9710bf37f
src/uvcpp/uvcpp_alloc.h:102-105 77239dc8a49a41fa
src/uvcpp/uvcpp_alloc.h:19-21 ad3a027337602da7
src/uvcpp/uvcpp_alloc.h:25-87 ab1f6345534d086b
src/uvcpp/uvcpp_alloc.h:56-59 eb243d8ce4bf4ad0
src/uvcpp/uvcpp_alloc.h:89-89 12fe9279969b1b56
src/uvcpp/uvcpp_alloc.h:94-99 61e6a7862b14f585
src/uvcpp/uvcpp_buf.h:20-20 207569d6c55f2b31
src/web/uvcpp_http_client.cpp:1013-1019 045d4f27b679bdfc
src/web/uvcpp_http_client.cpp:1082-1082 7cb06f8ab7910945
src/web/uvcpp_http_client.cpp:1109-1109 82b5429d194071da
src/web/uvcpp_http_client.cpp:1111-1111 c4f28dac995e9fef
src/web/uvcpp_http_client.cpp:1123-1123 73485f20bdce6ed2
src/web/uvcpp_http_client.cpp:1145-1145 a00c14f028c56cab
src/web/uvcpp_http_client.cpp:1170-1170 f90bffbc2ad74adf
src/web/uvcpp_http_client.cpp:1236-1236 73e8320ef3a6631b
src/web/uvcpp_http_client.cpp:1256-1256 37f9edf546868157
src/web/uvcpp_http_client.cpp:224-224 b46945cf76f3cf22
src/web/uvcpp_http_client.cpp:228-228 ce8513068ff69a1f
src/web/uvcpp_http_client.cpp:244-244 fc1b340d1d4d31a9
src/web/uvcpp_http_client.cpp:263-263 00bb095121c0026e
src/web/uvcpp_http_client.cpp:265-265 7ad32943def66ec1
src/web/uvcpp_http_client.cpp:267-267 aa6bf7130e33d3e9
src/web/uvcpp_http_client.cpp:373-373 0b69c13cca5cffbd
src/web/uvcpp_http_client.cpp:382-382 f587f4518a3db25d
src/web/uvcpp_http_client.cpp:418-429 734ece222174c868
src/web/uvcpp_http_client.cpp:44-63 f118bde558092109
src/web/uvcpp_http_client.cpp:49-53 a6454d8e70a85a9f
src/web/uvcpp_http_client.cpp:496-496 ab89266d85a2e4c6
src/web/uvcpp_http_client.cpp:499-516 90a5e4698d2cd79c
src/web/uvcpp_http_client.cpp:510-510 0b69c13cca5cffbd
src/web/uvcpp_http_client.cpp:616-616 7706a026d75b3081
src/web/uvcpp_http_client.cpp:701-701 643136f9dd3e1790
src/web/uvcpp_http_client.cpp:965-970 79ef2f93db9d9a39
src/web/uvcpp_http_client.h:150-165 85c571f34b36812d
src/web/uvcpp_http_client.h:194-199 4f2f3a36ca4b9563
src/web/uvcpp_http_client.h:209-218 0e4969770f315a3c
src/web/uvcpp_http_client.h:243-243 ba98e21b46a7f3c3
src/web/uvcpp_http_client.h:331-342 5e1bd587480aa0cd
src/web/uvcpp_http_client.h:348-348 ffdce0a14f48d09e
src/web/uvcpp_http_client.h:373-373 87d70f054eaf6247
src/web/uvcpp_http_client.h:43-45 22f2d8d7b1cbef95
src/web/uvcpp_http_client.h:62-62 b28db9b27491a2ec
src/web/uvcpp_http_common.h:246-247 5d5591c858a59089
src/web/uvcpp_http_compress.cpp:144-163 48e7d9a7d957f1cf
src/web/uvcpp_http_parser.cpp:411-459 36c72595b65f436f
src/web/uvcpp_http_request.cpp:130-133 1ac3a55d3bffca60
src/web/uvcpp_http_request.cpp:25-36 caad271b3be84e0c
src/web/uvcpp_http_request.h:108-108 414fc2230e038037
src/web/uvcpp_http_request.h:39-39 0e65b3329f91061b
src/web/uvcpp_http_request.h:40-40 f3931ecc5d178b01
src/web/uvcpp_http_request.h:42-42 8a9b3a81439de360
src/web/uvcpp_http_request.h:43-43 0dfe63509c9a942f
src/web/uvcpp_http_response.cpp:25-42 6f93444f1838a050
src/web/uvcpp_http_response.h:136-136 97e67d4e228ea020
src/web/uvcpp_http_response.h:40-40 5d21b46f18af0b31
src/web/uvcpp_http_response.h:52-58 69c517704603643e
src/web/uvcpp_http_server.cpp:108-131 c1cb095526a071cb
src/web/uvcpp_http_server.cpp:1099-1099 736311ca872300ab
src/web/uvcpp_http_server.cpp:133-145 e8cfddbf0689b0e6
src/web/uvcpp_http_server.cpp:136-136 bcc81285c962443d
src/web/uvcpp_http_server.cpp:1365-1365 26cff103a420234e
src/web/uvcpp_http_server.cpp:1370-1370 e652a9b02282fedb
src/web/uvcpp_http_server.cpp:1390-1390 7da7fb86e2d402c5
src/web/uvcpp_http_server.cpp:1426-1426 21871b8cf1bf3fae
src/web/uvcpp_http_server.cpp:1431-1431 a3ac561236f1ef02
src/web/uvcpp_http_server.cpp:1433-1433 3519b99c8268f5e2
src/web/uvcpp_http_server.cpp:1434-1434 e3d70bbce0c255b9
src/web/uvcpp_http_server.cpp:1470-1470 ae7b2b05807f2fe6
src/web/uvcpp_http_server.cpp:1483-1491 07d173d5fb93cbe8
src/web/uvcpp_http_server.cpp:164-164 876b171fff7eedbf
src/web/uvcpp_http_server.cpp:174-175 d9c81826458399cb
src/web/uvcpp_http_server.cpp:228-228 bb22513d98675b39
src/web/uvcpp_http_server.cpp:242-290 780980cce9f65645
src/web/uvcpp_http_server.cpp:330-346 cce07ef58750c70b
src/web/uvcpp_http_server.cpp:373-373 ded96ea1634058d3
src/web/uvcpp_http_server.cpp:44-46 183c1c3c6440adc2
src/web/uvcpp_http_server.cpp:444-444 0a7049b08e4a7ca4
src/web/uvcpp_http_server.cpp:463-463 1564c2be8e6f52f8
src/web/uvcpp_http_server.cpp:483-488 d95116292dd54c55
src/web/uvcpp_http_server.cpp:494-495 420c79c39b7dd9a0
src/web/uvcpp_http_server.cpp:573-581 f1b5210fac28870c
src/web/uvcpp_http_server.cpp:59-61 87bbe0c50118762d
src/web/uvcpp_http_server.cpp:597-611 c31fd34f6041515c
src/web/uvcpp_http_server.cpp:71-89 b78f99741371fb8d
src/web/uvcpp_http_server.cpp:84-84 ef72f828ae328e41
src/web/uvcpp_http_server.cpp:866-866 b8dac6d06d8cd8c4
src/web/uvcpp_http_server.cpp:95-95 f38e455495037c88
src/web/uvcpp_http_server.cpp:95-97 390e1a5e08711310
src/web/uvcpp_http_server.h:105-107 2ce1f9bd40acddfb
src/web/uvcpp_http_server.h:149-158 4b11a1f7c27ca315
src/web/uvcpp_http_server.h:172-172 3b66a21918295b88
src/web/uvcpp_http_server.h:188-188 99d8638604a9e305
src/web/uvcpp_http_server.h:19-19 01edf0cd76b50c80
src/web/uvcpp_http_server.h:190-190 9d5f8687c4e51ea3
src/web/uvcpp_http_server.h:246-279 fb2ee2b13e7a3723
src/web/uvcpp_http_server.h:295-300 c77fccf5e37d1d4a
src/web/uvcpp_http_server.h:305-306 f81716b3b725183b
src/web/uvcpp_http_server.h:409-422 0c0f773b7cc02589
src/web/uvcpp_http_server.h:461-508 0aba404645bf1e1a
src/web/uvcpp_http_server.h:464-487 c8d9516ff65b5812
src/web/uvcpp_http_server.h:554-554 3884a289e1e9b79b
src/web/uvcpp_http_server.h:557-557 8cd9a1f16841b592
src/web/uvcpp_http_server.h:653-683 413523368f73dcca
src/web/uvcpp_http_server.h:851-851 64221c87af878ff1
src/web/uvcpp_http_server.h:866-866 4ad02fbe7cba6c04
src/web/uvcpp_http_server.h:926-928 ddac3066694e5baa
src/web/uvcpp_http_server.h:930-936 a0da3738ad761387
src/web/uvcpp_http_server.h:938-938 7f3215a79b83937a
src/web/uvcpp_http_server.h:941-941 001d5fa8a2863ba4
src/web/uvcpp_http_server.h:942-942 9598a031e52a7f6b
src/web/uvcpp_static_server.cpp:165-183 406850a9c0be727f
src/web/uvcpp_static_server.cpp:39-76 bd9f4d351d9cfb46
src/web/uvcpp_static_server.cpp:40-44 f54edeccad5462d3
src/web/uvcpp_static_server.cpp:418-418 7ed31143d74cacc4
src/web/uvcpp_static_server.cpp:443-443 fdfb9a29003771bf
src/web/uvcpp_static_server.h:178-179 a12e2fe09dfc4d9e
src/web/uvcpp_static_server.h:28-43 66c5431a3564f8cc
src/web/uvcpp_static_server.h:81-83 1bf0d7e94c0c78f0
src/web/uvcpp_static_server.h:88-89 be904b4c7d279cb1
src/web/uvcpp_static_server.h:96-96 59956e2628fc1d25
src/web/uvcpp_static_server.h:99-99 10c4dda3c29e5ceb
src/web/uvcpp_ws_client.cpp:120-120 e1e5570587d255f2
src/web/uvcpp_ws_client.cpp:124-145 b0ddc21dfc430f0e
src/web/uvcpp_ws_client.cpp:146-146 dcbdf0214e593b36
src/web/uvcpp_ws_client.cpp:198-198 7d766551d4f6c19e
src/web/uvcpp_ws_client.cpp:207-207 ceed418ad2f49195
src/web/uvcpp_ws_client.cpp:210-210 681a40c2c7ae2e53
src/web/uvcpp_ws_client.cpp:227-227 ea58152c920cd1da
src/web/uvcpp_ws_client.cpp:244-244 7a4fc7b60f24b143
src/web/uvcpp_ws_client.cpp:275-275 8c8e0469e9fb1b7d
src/web/uvcpp_ws_client.cpp:277-277 669f943bd88c3f0c
src/web/uvcpp_ws_client.cpp:288-288 537eab1979c75688
src/web/uvcpp_ws_client.cpp:320-320 986ae65cbca392d2
src/web/uvcpp_ws_client.cpp:335-335 b3f1ebf06b36c153
src/web/uvcpp_ws_client.cpp:374-374 080a605bff12607d
src/web/uvcpp_ws_client.cpp:384-384 8ec8df9d8baa30e0
src/web/uvcpp_ws_client.cpp:423-423 ad9917ddc0e03916
src/web/uvcpp_ws_client.cpp:424-424 2dfc9b86e72cf5de
src/web/uvcpp_ws_client.cpp:434-434 5fae9c3efe601c24
src/web/uvcpp_ws_client.cpp:492-492 88a638ccbdeaff10
src/web/uvcpp_ws_client.cpp:504-504 e23a5d883643031a
src/web/uvcpp_ws_client.cpp:78-78 239b63029772a076
src/web/uvcpp_ws_client.h:105-108 01bcc72c474e14e8
src/web/uvcpp_ws_client.h:122-122 1f76f3341ebccb19
src/web/uvcpp_ws_client.h:129-129 dfce7075e36d0e0a
src/web/uvcpp_ws_client.h:130-130 96d3559398aa018e
src/web/uvcpp_ws_client.h:164-164 1b8278d66ed4cfe0
src/web/uvcpp_ws_client.h:169-169 cb2dd4f1b3ddbd6a
src/web/uvcpp_ws_client.h:34-34 d5e8c6bfebc5d629
src/web/uvcpp_ws_client.h:43-55 2bb502980db447a3
src/web/uvcpp_ws_client.h:56-56 48ef6d3897eb5aab
src/web/uvcpp_ws_client.h:66-66 f4810f79a5c9e302
src/web/uvcpp_ws_client.h:70-70 03e2262722065fc7
src/web/uvcpp_ws_client.h:83-83 f0b570bafaffbbcb
src/web/uvcpp_ws_connection.cpp:126-126 7bb2b4bec768fde7
src/web/uvcpp_ws_connection.cpp:161-161 20fca471828474a1
src/web/uvcpp_ws_connection.cpp:170-170 82a3ad57e6e08815
src/web/uvcpp_ws_connection.cpp:184-184 b9020b27773ad173
src/web/uvcpp_ws_connection.cpp:185-185 7247feb3b8cbf9dd
src/web/uvcpp_ws_connection.cpp:198-198 84a81f9ef224510b
src/web/uvcpp_ws_connection.cpp:200-200 09d4b26468ba0ff5
src/web/uvcpp_ws_connection.cpp:22-22 946704a597a007c7
src/web/uvcpp_ws_connection.cpp:228-228 6cb613bd36fdc75f
src/web/uvcpp_ws_connection.cpp:247-247 240257f670e27e30
src/web/uvcpp_ws_connection.cpp:273-273 d94d863619ae61d1
src/web/uvcpp_ws_connection.cpp:349-349 44e0ca9841603a01
src/web/uvcpp_ws_connection.cpp:365-365 423daf1fc38d0c35
src/web/uvcpp_ws_connection.cpp:379-379 a6a87cf16d8497bd
src/web/uvcpp_ws_connection.cpp:382-382 b62e916881c14ee1
src/web/uvcpp_ws_connection.cpp:402-402 360dfd4dcf56d559
src/web/uvcpp_ws_connection.cpp:408-408 4aa5b5ba916fcc56
src/web/uvcpp_ws_connection.cpp:482-482 66e618bcd39607fc
src/web/uvcpp_ws_connection.cpp:574-574 ed8a4998950deaff
src/web/uvcpp_ws_connection.cpp:578-578 0dd6c9d40af8999f
src/web/uvcpp_ws_connection.cpp:580-580 c7d13d22dcfba3cf
src/web/uvcpp_ws_connection.cpp:82-82 47adccde73eb2729
src/web/uvcpp_ws_connection.cpp:9-9 600329261a200d0f
src/web/uvcpp_ws_connection.cpp:90-90 2f8ede1869abb20c
src/web/uvcpp_ws_connection.cpp:94-94 04148b7ca3e59957
src/web/uvcpp_ws_connection.cpp:99-99 b6ef97c9ef0602e3
src/web/uvcpp_ws_connection.h:10-23 3d813c4510f15690
src/web/uvcpp_ws_connection.h:130-130 8e489eb219531ada
src/web/uvcpp_ws_connection.h:132-132 d09f4b4b176afd28
src/web/uvcpp_ws_connection.h:138-138 1f76f3341ebccb19
src/web/uvcpp_ws_connection.h:147-147 d1f1a3954c2ba592
src/web/uvcpp_ws_connection.h:152-152 adc0fc3aa01a60ed
src/web/uvcpp_ws_connection.h:153-153 a247d8cac4a3f401
src/web/uvcpp_ws_connection.h:154-154 3a2533aca97ff471
src/web/uvcpp_ws_connection.h:155-155 993ab29edc85f0f2
src/web/uvcpp_ws_connection.h:156-156 9798b964ecd68dd5
src/web/uvcpp_ws_connection.h:163-163 4a05c91184cc6575
src/web/uvcpp_ws_connection.h:168-168 1bbc1f52ccad6271
src/web/uvcpp_ws_connection.h:170-170 d09f4b4b176afd28
src/web/uvcpp_ws_connection.h:198-198 d09f4b4b176afd28
src/web/uvcpp_ws_connection.h:207-207 ac0857b1ac601f69
src/web/uvcpp_ws_connection.h:216-216 ba98e21b46a7f3c3
src/web/uvcpp_ws_connection.h:224-224 c52d1eaabbefc6b1
src/web/uvcpp_ws_connection.h:236-236 fe353d7a218c2385
src/web/uvcpp_ws_connection.h:243-243 d09f4b4b176afd28
src/web/uvcpp_ws_connection.h:337-337 42632037db01ccb5
src/web/uvcpp_ws_connection.h:56-56 ff34c0eeef7c67e2
src/web/uvcpp_ws_connection.h:61-61 db0047ab00b5347b
src/web/uvcpp_ws_connection.h:63-63 1ef6e1da4ba2adc5
src/web/uvcpp_ws_ext.h:110-110 f103385a69bdc617
src/web/uvcpp_ws_ext.h:126-126 350a28f0b1fc8091
src/web/uvcpp_ws_frame.h:41-41 c8903a3611d72aa0
src/web/uvcpp_ws_frame.h:41-53 7f88c5415d9b7d83
src/web/uvcpp_ws_frame.h:60-60 e0fb7413ab25d9f7
src/web/uvcpp_ws_parser.cpp:166-166 843553ffec0454df
src/web/uvcpp_ws_parser.cpp:193-193 6aa5fbcd20a0b515
src/web/uvcpp_ws_parser.cpp:201-201 9fd965fdadb9945d
src/web/uvcpp_ws_parser.cpp:24-24 a232473e08aea93c
src/web/uvcpp_ws_parser.cpp:278-278 f046d6955bbbac28
src/web/uvcpp_ws_parser.cpp:62-62 9cb718bf59cdc9b3
src/web/uvcpp_ws_parser.h:100-100 5e317c81a24fc580
src/web/uvcpp_ws_parser.h:179-179 da82913e557baf56
src/web/uvcpp_ws_parser.h:179-187 ae6b6894198ccf46
src/web/uvcpp_ws_parser.h:238-238 cec02e899f57b274
src/web/uvcpp_ws_parser.h:38-38 db4f960392733518
src/web/uvcpp_ws_parser.h:96-96 b08d3695c1c47800
src/web/uvcpp_ws_server.cpp:106-106 483b67581d465bc9
src/web/uvcpp_ws_server.cpp:122-122 d6fd15c95c4d3842
src/web/uvcpp_ws_server.cpp:145-145 95a3a7cd4a843beb
src/web/uvcpp_ws_server.cpp:149-149 5335a566ddabac46
src/web/uvcpp_ws_server.cpp:158-158 6da5a33932351e1a
src/web/uvcpp_ws_server.cpp:180-180 51d88d14569dcd67
src/web/uvcpp_ws_server.cpp:194-194 9b03172701db1fcd
src/web/uvcpp_ws_server.cpp:196-196 84fa9255e1a2e906
src/web/uvcpp_ws_server.cpp:211-250 7422fa4afebed427
src/web/uvcpp_ws_server.cpp:215-215 0cfdd5de7f2f0322
src/web/uvcpp_ws_server.cpp:224-224 fa827e95f208607a
src/web/uvcpp_ws_server.cpp:227-227 bfbe527499c1b516
src/web/uvcpp_ws_server.cpp:231-231 b532d695e288ae65
src/web/uvcpp_ws_server.cpp:238-238 9da24178b554f31c
src/web/uvcpp_ws_server.cpp:242-242 e884661bd5b9bb3f
src/web/uvcpp_ws_server.cpp:267-267 a739f538fbdf0753
src/web/uvcpp_ws_server.cpp:280-280 df33e45f1f77b2e0
src/web/uvcpp_ws_server.h:104-104 ce26bf2b4a1330a9
src/web/uvcpp_ws_server.h:11-19 edddb946d3632519
src/web/uvcpp_ws_server.h:111-111 b9c918d18ea4afcd
src/web/uvcpp_ws_server.h:117-117 dfce7075e36d0e0a
src/web/uvcpp_ws_server.h:119-119 d09f4b4b176afd28
src/web/uvcpp_ws_server.h:125-125 67b871991b6f983f
src/web/uvcpp_ws_server.h:140-140 af77780e48022f6d
src/web/uvcpp_ws_server.h:149-149 230ba1403952d8b0
src/web/uvcpp_ws_server.h:173-173 1b8278d66ed4cfe0
src/web/uvcpp_ws_server.h:42-42 31a0ea4e2e7308aa
src/web/uvcpp_ws_server.h:44-44 3459bffc07600ac3
src/web/uvcpp_ws_server.h:59-59 64e69f6e3e14c6c1
src/web/uvcpp_ws_server.h:65-65 b2caa7a540584262
src/web/uvcpp_ws_server.h:66-66 3b66a21918295b88
src/web/uvcpp_ws_server.h:73-73 0c055139a4df8242
src/web/uvcpp_ws_server.h:82-82 e9485673b48a99a6
src/web/uvcpp_ws_sessions.cpp:112-112 291f59a7385f2143
src/web/uvcpp_ws_sessions.cpp:9-9 3cf319d020375297
src/web/uvcpp_ws_sessions.h:1-33 1461c6f5c986d6a2
src/web/uvcpp_ws_sessions.h:106-106 d09f4b4b176afd28
src/web/uvcpp_ws_sessions.h:36-36 69bf978d5211d372
src/web/uvcpp_ws_sessions.h:69-69 45b5c9e49152a367
src/web/uvcpp_ws_sessions.h:96-96 ba98e21b46a7f3c3
src/webapp/uvcpp_log.cpp:256-258 4e43c6469d2cc704
src/webapp/uvcpp_log.cpp:273-273 0e694eee9bbb9afd
src/webapp/uvcpp_log.cpp:342-342 1e5fa0a5ec0b3950
src/webapp/uvcpp_log.h:135-140 467c75c3052b71d6
src/webapp/uvcpp_log.h:224-229 0ce090cb783bab8e
src/webapp/uvcpp_log.h:64-70 0a53e4436e69cfe2
src/webapp/uvcpp_log_console.cpp:124-124 22dbbe6bc8d955fb
src/webapp/uvcpp_log_console.cpp:126-126 3d81e22de5953c1d
src/webapp/uvcpp_log_console.cpp:134-134 5d61049b6428c384
src/webapp/uvcpp_log_console.cpp:135-135 3d3ece4e30a31189
src/webapp/uvcpp_log_console.cpp:141-141 5d61049b6428c384
src/webapp/uvcpp_log_console.cpp:142-142 3d3ece4e30a31189
src/webapp/uvcpp_log_console.cpp:149-149 f4ecd9b7e8ac8759
src/webapp/uvcpp_log_console.cpp:163-169 72384ddc009f0e0f
src/webapp/uvcpp_log_console.cpp:171-173 81558cbd4bf10079
src/webapp/uvcpp_log_console.cpp:209-214 c20d7a10a0b497da
src/webapp/uvcpp_log_console.cpp:228-235 a6e147bc87aa3950
src/webapp/uvcpp_log_console.cpp:67-85 6c8097d1f127ce0a
src/webapp/uvcpp_log_console.h:25-26 04393250b5ad0460
src/webapp/uvcpp_log_console.h:29-29 5fdfaf0a3018aaaf
src/webapp/uvcpp_log_console.h:36-36 54c5c6f454a3b7e1
src/webapp/uvcpp_log_console.h:43-45 88c070a9163272f5
src/webapp/uvcpp_log_console.h:6-9 cffc403f84b0e913
src/webapp/uvcpp_web_app.cpp:1683-1683 ab0734235a74e650
src/webapp/uvcpp_web_app.cpp:1725-1725 d18474a6c3d547b2
src/webapp/uvcpp_web_app.cpp:1767-1772 e4040c98cf70c69f
src/webapp/uvcpp_web_app.cpp:193-193 81a322db8a6a4b9b
src/webapp/uvcpp_web_app.cpp:2216-2222 b9b02bf6c4f5af50
src/webapp/uvcpp_web_app.cpp:385-386 3313210bfae4ce67
src/webapp/uvcpp_web_app.h:124-125 31a95f4810ed722c
src/webapp/uvcpp_web_app.h:151-154 4667ebe845740b83
src/webapp/uvcpp_web_app.h:274-274 f46122435c253add
src/webapp/uvcpp_web_app.h:352-352 2648f523005f6152
src/webapp/uvcpp_web_app.h:441-444 5644aaa47927b500
src/webapp/uvcpp_web_app.h:807-807 3595aa7db313a76c
src/webapp/uvcpp_web_connection.cpp:195-201 a76a3872d19f36f6
src/webapp/uvcpp_web_connection.h:120-120 e950ab17270a0b7c
src/webapp/uvcpp_web_connection.h:139-263 79bee308df25bc12
src/webapp/uvcpp_web_connection.h:30-31 beb28851a639e702
src/webapp/uvcpp_web_connection.h:31-31 4e74112f380a23b5
src/webapp/uvcpp_web_connection.h:57-57 6a08d309d35b1ff3
src/webapp/uvcpp_web_connection.h:60-60 11f07995e8c9885e
src/webapp/uvcpp_web_context.cpp:353-358 29063e0cffa90988
src/webapp/uvcpp_web_context.cpp:60-70 bf25714579840f30
src/webapp/uvcpp_web_context.h:281-293 7ab1858015fa1b61
src/webapp/uvcpp_web_context.h:356-358 1538afd55b66e196
src/webapp/uvcpp_web_context.h:58-63 b3a372df473d260a
src/webapp/uvcpp_web_context.h:98-99 36cb8ccd123fd79b
src/webapp/uvcpp_web_file.cpp:101-101 a9935174a9178eba
src/webapp/uvcpp_web_file.cpp:173-179 f8ad1d59b28b819c
src/webapp/uvcpp_web_file.cpp:197-203 1faf6de1ee63cf63
src/webapp/uvcpp_web_file.cpp:210-216 fb9a029a7db6d50b
src/webapp/uvcpp_web_file.cpp:265-270 4cafe369d0011162
src/webapp/uvcpp_web_file.cpp:333-337 eca930879b84158c
src/webapp/uvcpp_web_file.cpp:349-353 4a0b3acb802154fd
src/webapp/uvcpp_web_file.h:116-123 d125f0c50be2c3a7
src/webapp/uvcpp_web_file.h:126-131 c3a65a5d21b8bba9
src/webapp/uvcpp_web_file.h:140-141 7049aabf98518d93
src/webapp/uvcpp_web_file.h:164-164 efb3d9edb68d58e3
src/webapp/uvcpp_web_file.h:209-211 e52b7763ca48656c
src/webapp/uvcpp_web_file.h:213-214 c8640848b10b99f4
src/webapp/uvcpp_web_file.h:250-253 9c63cf51a03bc6d6
src/webapp/uvcpp_web_file.h:26-38 bf44df5fff247d98
src/webapp/uvcpp_web_file.h:322-328 55e61d9e371dbd6e
src/webapp/uvcpp_web_file.h:323-323 a4e6cef654594be0
src/webapp/uvcpp_web_file.h:70-71 05241ec71313e84d
src/webapp/uvcpp_web_middleware.cpp:92-92 443eaa0ed077983f
src/webapp/uvcpp_web_mime.cpp:107-108 7b5d69ac87db7ce4
src/webapp/uvcpp_web_mime.cpp:110-124 da948a1949fffe88
src/webapp/uvcpp_web_mime.cpp:113-113 3c79657591ba8c36
src/webapp/uvcpp_web_mime.cpp:134-138 10ff469f0e1b08b4
src/webapp/uvcpp_web_mime.h:10-19 b1384538489b334b
src/webapp/uvcpp_web_mime.h:103-104 efa858f587535b64
src/webapp/uvcpp_web_mime.h:126-126 e379f7523a6ca0ee
src/webapp/uvcpp_web_mime.h:31-34 dc531a0e1ca66dfe
src/webapp/uvcpp_web_multipart.cpp:227-234 8dcdc3e143b8a0cb
src/webapp/uvcpp_web_multipart.cpp:248-254 427291dcfd77e647
src/webapp/uvcpp_web_multipart.cpp:288-293 2b678c869941d7e7
src/webapp/uvcpp_web_multipart.cpp:316-322 e4b1a31e384df042
src/webapp/uvcpp_web_multipart.cpp:341-341 99304a2a6216aa38
src/webapp/uvcpp_web_multipart.cpp:342-348 2110f3ffc5b67a5d
src/webapp/uvcpp_web_multipart.cpp:363-363 c88bfad46a670fe9
src/webapp/uvcpp_web_multipart.cpp:368-368 0b87644af52657e9
src/webapp/uvcpp_web_multipart.cpp:430-430 d126fb1020ea8362
src/webapp/uvcpp_web_multipart.cpp:436-436 9b1bf912592a1241
src/webapp/uvcpp_web_multipart.cpp:489-489 a17a6f9ac191453d
src/webapp/uvcpp_web_multipart.cpp:502-502 9e3bec7ded9098fb
src/webapp/uvcpp_web_multipart.cpp:648-648 a2e42f8ddf62a7ed
src/webapp/uvcpp_web_multipart.cpp:650-653 7f4455e3cf0be3ce
src/webapp/uvcpp_web_multipart.h:13-16 2a1308a29c74d6db
src/webapp/uvcpp_web_multipart.h:206-206 a8e7fc537ff1575a
src/webapp/uvcpp_web_multipart.h:60-62 9a6e7d28520fde10
src/webapp/uvcpp_web_multipart.h:69-73 78ece24220da3b07
src/webapp/uvcpp_web_multipart.h:76-83 298c3693b4c9c225
src/webapp/uvcpp_web_response.cpp:1133-1153 c14d42880a33c69a
src/webapp/uvcpp_web_router.h:9-14 85d15141c4bec3dd
src/webapp/uvcpp_web_util.cpp:107-119 858dcb1b9b9fdec3
src/webapp/uvcpp_web_util.cpp:1179-1180 5b7a6597b3a965b8
src/webapp/uvcpp_web_util.cpp:125-130 e2de7bb3c7971a5e
src/webapp/uvcpp_web_util.cpp:158-167 559e3807d5ca0f13
src/webapp/uvcpp_web_util.cpp:177-177 0f7f2b30fabbb797
src/webapp/uvcpp_web_util.cpp:204-208 0f3f59e4b0002363
src/webapp/uvcpp_web_util.cpp:226-228 95d7553306277597
src/webapp/uvcpp_web_util.cpp:252-282 6999f5b3d2e2d872
src/webapp/uvcpp_web_util.cpp:459-462 49dd2fc79a020816
src/webapp/uvcpp_web_util.cpp:467-467 295d24454a71a7c3
src/webapp/uvcpp_web_util.cpp:469-472 999c4a071c46d750
src/webapp/uvcpp_web_util.cpp:481-486 61f90c9dd5abf776
src/webapp/uvcpp_web_util.cpp:484-487 d909e085d0b3bd61
src/webapp/uvcpp_web_util.cpp:979-982 991c2d05334ce752
src/webapp/uvcpp_web_util.h:11-11 41f5de948392a6e0
src/webapp/uvcpp_web_util.h:128-138 4a3b8fffadfe6bc0
src/webapp/uvcpp_web_util.h:149-152 342e5e7196d5459c
src/webapp/uvcpp_web_util.h:166-166 a243cc4c11a151f4
src/webapp/uvcpp_web_util.h:196-199 12396f50ef06c2e8
src/webapp/uvcpp_web_util.h:276-277 859e379993b6e810
src/webapp/uvcpp_web_util.h:299-302 7e101ba6353aee20
src/webapp/uvcpp_web_util.h:324-324 d3225143a250965f
src/webapp/uvcpp_web_util.h:329-339 a0b076ab1e1fb834
src/webapp/uvcpp_web_util.h:354-368 890ca45c209984e4
src/webapp/uvcpp_web_util.h:393-395 4c9252b2dd29c486
src/webapp/uvcpp_web_util.h:397-401 9ff2e4958b28c525
src/webapp/uvcpp_web_util.h:438-438 c1438ca98c7caa1f
src/webapp/uvcpp_web_ws_client.h:402-402 7c944a0bf34320a1
src/webapp/uvcpp_web_ws_client.h:52-52 54180563d582dd6f
tests/functional/web_app_log_func.cpp:84-84 9f08a80b757a68bc
tests/functional/web_ssl_func.cpp:152-156 4880aac536b78193
tests/functional/web_ssl_h2_client_func.cpp:185-185 8b1f74e620117915
tests/functional/web_ssl_h2_server_func.cpp:407-407 540e8771caad39a2
tests/functional/web_ssl_h2_server_func.cpp:457-457 3682e8e36da59e22
tests/functional/web_ssl_server_func.cpp:131-135 936bd872ee4b7052
tests/functional/web_ws_func.cpp:24-24 044ab25a38068189
